// !$*UTF8*$!
{
	archiveVersion = 1;
	classes = {
	};
	objectVersion = 51;
	objects = {

/* Begin PBXBuildFile section */
		6FFBF61C5EA8BD3B4335DA09 /* Pods_XLBook.framework in Frameworks */ = {isa = PBXBuildFile; fileRef = DADFB010B27A93C545AA30BE /* Pods_XLBook.framework */; };
		9B01CD89236ABF15003EBA12 /* UIColor+PYSearchExtension.m in Sources */ = {isa = PBXBuildFile; fileRef = 9B01CD7C236ABF15003EBA12 /* UIColor+PYSearchExtension.m */; };
		9B01CD8A236ABF15003EBA12 /* PYSearchViewController.m in Sources */ = {isa = PBXBuildFile; fileRef = 9B01CD7D236ABF15003EBA12 /* PYSearchViewController.m */; };
		9B01CD8B236ABF15003EBA12 /* PYSearchSuggestionViewController.m in Sources */ = {isa = PBXBuildFile; fileRef = 9B01CD7E236ABF15003EBA12 /* PYSearchSuggestionViewController.m */; };
		9B01CD8C236ABF15003EBA12 /* PYSearchConst.m in Sources */ = {isa = PBXBuildFile; fileRef = 9B01CD80236ABF15003EBA12 /* PYSearchConst.m */; };
		9B01CD8D236ABF15003EBA12 /* PYSearch.bundle in Resources */ = {isa = PBXBuildFile; fileRef = 9B01CD81236ABF15003EBA12 /* PYSearch.bundle */; };
		9B01CD8E236ABF15003EBA12 /* NSBundle+PYSearchExtension.m in Sources */ = {isa = PBXBuildFile; fileRef = 9B01CD82236ABF15003EBA12 /* NSBundle+PYSearchExtension.m */; };
		9B01CD8F236ABF15003EBA12 /* UIView+PYSearchExtension.m in Sources */ = {isa = PBXBuildFile; fileRef = 9B01CD88236ABF15003EBA12 /* UIView+PYSearchExtension.m */; };
		9B01CD97236C1E81003EBA12 /* XLBookInfoController.m in Sources */ = {isa = PBXBuildFile; fileRef = 9B01CD96236C1E81003EBA12 /* XLBookInfoController.m */; };
		9B32B05F235D846200FE71A9 /* MyBookController.m in Sources */ = {isa = PBXBuildFile; fileRef = 9B32B05E235D846200FE71A9 /* MyBookController.m */; };
		9B32B062235D847500FE71A9 /* TopBookController.m in Sources */ = {isa = PBXBuildFile; fileRef = 9B32B061235D847500FE71A9 /* TopBookController.m */; };
		9B32B068235D852300FE71A9 /* XLBookNavController.m in Sources */ = {isa = PBXBuildFile; fileRef = 9B32B067235D852300FE71A9 /* XLBookNavController.m */; };
		9B32B06B235D860400FE71A9 /* XLTabBarBookController.m in Sources */ = {isa = PBXBuildFile; fileRef = 9B32B06A235D860400FE71A9 /* XLTabBarBookController.m */; };
		9B32B074235D89D900FE71A9 /* LNSkinHelper.m in Sources */ = {isa = PBXBuildFile; fileRef = 9B32B06E235D89D900FE71A9 /* LNSkinHelper.m */; };
		9B32B075235D89D900FE71A9 /* LNConst.m in Sources */ = {isa = PBXBuildFile; fileRef = 9B32B071235D89D900FE71A9 /* LNConst.m */; };
		9B32B076235D89D900FE71A9 /* LNRequest.m in Sources */ = {isa = PBXBuildFile; fileRef = 9B32B073235D89D900FE71A9 /* LNRequest.m */; };
		9B32B07D235D947D00FE71A9 /* FLList.plist in Resources */ = {isa = PBXBuildFile; fileRef = 9B32B07C235D947D00FE71A9 /* FLList.plist */; };
		9B32B081235D9A3F00FE71A9 /* LeeRunTimePush.m in Sources */ = {isa = PBXBuildFile; fileRef = 9B32B07F235D9A3F00FE71A9 /* LeeRunTimePush.m */; };
		9B32B084235D9E4B00FE71A9 /* TopBookDController.m in Sources */ = {isa = PBXBuildFile; fileRef = 9B32B083235D9E4B00FE71A9 /* TopBookDController.m */; };
		9B32B087235D9F9700FE71A9 /* TopBookModel.m in Sources */ = {isa = PBXBuildFile; fileRef = 9B32B086235D9F9700FE71A9 /* TopBookModel.m */; };
		9B32B08B235DA07100FE71A9 /* MBProgressHUD+LNHUD.m in Sources */ = {isa = PBXBuildFile; fileRef = 9B32B08A235DA07100FE71A9 /* MBProgressHUD+LNHUD.m */; };
		9B32B08E235DA10F00FE71A9 /* XLAPI.m in Sources */ = {isa = PBXBuildFile; fileRef = 9B32B08D235DA10F00FE71A9 /* XLAPI.m */; };
		9B32B091235DADD800FE71A9 /* TopBookListModel.m in Sources */ = {isa = PBXBuildFile; fileRef = 9B32B090235DADD800FE71A9 /* TopBookListModel.m */; };
		9B32B094235DBE0400FE71A9 /* TopBookDCell.m in Sources */ = {isa = PBXBuildFile; fileRef = 9B32B093235DBE0400FE71A9 /* TopBookDCell.m */; };
		9B32B09C235EADBA00FE71A9 /* LeeLabel.m in Sources */ = {isa = PBXBuildFile; fileRef = 9B32B09B235EADBA00FE71A9 /* LeeLabel.m */; };
		9B32B09F235EB01D00FE71A9 /* TopBookOneBookDController.m in Sources */ = {isa = PBXBuildFile; fileRef = 9B32B09E235EB01D00FE71A9 /* TopBookOneBookDController.m */; };
		9B32B0A2235ECAA100FE71A9 /* XLTopOneBookNav.m in Sources */ = {isa = PBXBuildFile; fileRef = 9B32B0A1235ECAA100FE71A9 /* XLTopOneBookNav.m */; };
		9B32B0A5235EEB2A00FE71A9 /* XLTopBookOneHeaderView.m in Sources */ = {isa = PBXBuildFile; fileRef = 9B32B0A4235EEB2A00FE71A9 /* XLTopBookOneHeaderView.m */; };
		9B32B0A9235EEFD000FE71A9 /* 111.jpg in Resources */ = {isa = PBXBuildFile; fileRef = 9B32B0A8235EEFD000FE71A9 /* 111.jpg */; };
		9B32B0AF235EFB7400FE71A9 /* TopBookOneBookDModel.mm in Sources */ = {isa = PBXBuildFile; fileRef = 9B32B0AE235EFB7400FE71A9 /* TopBookOneBookDModel.mm */; };
		9B32B0B22360211700FE71A9 /* TopBookOneBookMLCell.m in Sources */ = {isa = PBXBuildFile; fileRef = 9B32B0B12360211700FE71A9 /* TopBookOneBookMLCell.m */; };
		9B32B0B523602E0600FE71A9 /* TopBookOneBookTJCell.m in Sources */ = {isa = PBXBuildFile; fileRef = 9B32B0B423602E0600FE71A9 /* TopBookOneBookTJCell.m */; };
		9B32B0BB23603C8500FE71A9 /* TopBookOneBookHXJListView.m in Sources */ = {isa = PBXBuildFile; fileRef = 9B32B0BA23603C8500FE71A9 /* TopBookOneBookHXJListView.m */; };
		9B32B0BE2360503D00FE71A9 /* TopBookOneBookHXJListCell.m in Sources */ = {isa = PBXBuildFile; fileRef = 9B32B0BD2360503D00FE71A9 /* TopBookOneBookHXJListCell.m */; };
		9B32B0C1236056A600FE71A9 /* TopBookHXGModel.m in Sources */ = {isa = PBXBuildFile; fileRef = 9B32B0C0236056A600FE71A9 /* TopBookHXGModel.m */; };
		9B3AF1A82361614C00DF6C18 /* TopBookOneBookHXJCell.m in Sources */ = {isa = PBXBuildFile; fileRef = 9B3AF1A72361614C00DF6C18 /* TopBookOneBookHXJCell.m */; };
		9B3AF1B023617FE400DF6C18 /* LaunchScreen.storyboard in Resources */ = {isa = PBXBuildFile; fileRef = 9B3AF1AE23617FE300DF6C18 /* LaunchScreen.storyboard */; };
		9B3AF25823619A5A00DF6C18 /* LNTableViewController.m in Sources */ = {isa = PBXBuildFile; fileRef = 9B3AF25723619A5A00DF6C18 /* LNTableViewController.m */; };
		9B9FDE012366D3C700B1AA73 /* UIButton+ImagePosition.m in Sources */ = {isa = PBXBuildFile; fileRef = 9B9FDDA72366D3C700B1AA73 /* UIButton+ImagePosition.m */; };
		9B9FDE022366D3C700B1AA73 /* UIView+NewLine.m in Sources */ = {isa = PBXBuildFile; fileRef = 9B9FDDA82366D3C700B1AA73 /* UIView+NewLine.m */; };
		9B9FDE032366D3C700B1AA73 /* UILabel+Add.m in Sources */ = {isa = PBXBuildFile; fileRef = 9B9FDDA92366D3C700B1AA73 /* UILabel+Add.m */; };
		9B9FDE042366D3C700B1AA73 /* UIButton+Add.m in Sources */ = {isa = PBXBuildFile; fileRef = 9B9FDDAC2366D3C700B1AA73 /* UIButton+Add.m */; };
		9B9FDE052366D3C700B1AA73 /* UIViewController+Add.m in Sources */ = {isa = PBXBuildFile; fileRef = 9B9FDDAD2366D3C700B1AA73 /* UIViewController+Add.m */; };
		9B9FDE062366D3C700B1AA73 /* YYLabel+Add.m in Sources */ = {isa = PBXBuildFile; fileRef = 9B9FDDB12366D3C700B1AA73 /* YYLabel+Add.m */; };
		9B9FDE072366D3C700B1AA73 /* UIButton+EnlargeTouchArea.m in Sources */ = {isa = PBXBuildFile; fileRef = 9B9FDDB22366D3C700B1AA73 /* UIButton+EnlargeTouchArea.m */; };
		9B9FDE082366D3C700B1AA73 /* XXBookSettingView.m in Sources */ = {isa = PBXBuildFile; fileRef = 9B9FDDB62366D3C700B1AA73 /* XXBookSettingView.m */; };
		9B9FDE092366D3C700B1AA73 /* XXDirectoryCell.m in Sources */ = {isa = PBXBuildFile; fileRef = 9B9FDDBB2366D3C700B1AA73 /* XXDirectoryCell.m */; };
		9B9FDE0A2366D3C700B1AA73 /* XXDirectoryVC.m in Sources */ = {isa = PBXBuildFile; fileRef = 9B9FDDBC2366D3C700B1AA73 /* XXDirectoryVC.m */; };
		9B9FDE0B2366D3C700B1AA73 /* XXBookReadingVC.m in Sources */ = {isa = PBXBuildFile; fileRef = 9B9FDDBF2366D3C700B1AA73 /* XXBookReadingVC.m */; };
		9B9FDE182366D3C700B1AA73 /* XXBookContentVC.m in Sources */ = {isa = PBXBuildFile; fileRef = 9B9FDDDE2366D3C700B1AA73 /* XXBookContentVC.m */; };
		9B9FDE192366D3C700B1AA73 /* BatteryView.m in Sources */ = {isa = PBXBuildFile; fileRef = 9B9FDDE12366D3C700B1AA73 /* BatteryView.m */; };
		9B9FDE1A2366D3C700B1AA73 /* XXBookMenuView.m in Sources */ = {isa = PBXBuildFile; fileRef = 9B9FDDE42366D3C700B1AA73 /* XXBookMenuView.m */; };
		9B9FDE1B2366D3C700B1AA73 /* XXBookBodyModel.mm in Sources */ = {isa = PBXBuildFile; fileRef = 9B9FDDE62366D3C700B1AA73 /* XXBookBodyModel.mm */; };
		9B9FDE1C2366D3C700B1AA73 /* XLBookReadZJLBModel.mm in Sources */ = {isa = PBXBuildFile; fileRef = 9B9FDDE82366D3C700B1AA73 /* XLBookReadZJLBModel.mm */; };
		9B9FDE212366D3C700B1AA73 /* DateTools.m in Sources */ = {isa = PBXBuildFile; fileRef = 9B9FDDF72366D3C700B1AA73 /* DateTools.m */; };
		9B9FDE222366D3C700B1AA73 /* XXHighLightButton.m in Sources */ = {isa = PBXBuildFile; fileRef = 9B9FDDFC2366D3C700B1AA73 /* XXHighLightButton.m */; };
		9B9FDE232366D3C700B1AA73 /* XXSafeAreaInsets.m in Sources */ = {isa = PBXBuildFile; fileRef = 9B9FDDFD2366D3C700B1AA73 /* XXSafeAreaInsets.m */; };
		9B9FDE242366D3C700B1AA73 /* HUD.m in Sources */ = {isa = PBXBuildFile; fileRef = 9B9FDE002366D3C700B1AA73 /* HUD.m */; };
		9B9FDE2F2366D40E00B1AA73 /* BaseTableViewCell.m in Sources */ = {isa = PBXBuildFile; fileRef = 9B9FDE272366D40E00B1AA73 /* BaseTableViewCell.m */; };
		9B9FDE302366D40E00B1AA73 /* BaseView.m in Sources */ = {isa = PBXBuildFile; fileRef = 9B9FDE282366D40E00B1AA73 /* BaseView.m */; };
		9B9FDE312366D40E00B1AA73 /* BaseTableViewController.m in Sources */ = {isa = PBXBuildFile; fileRef = 9B9FDE292366D40E00B1AA73 /* BaseTableViewController.m */; };
		9B9FDE322366D40E00B1AA73 /* BaseTableView.m in Sources */ = {isa = PBXBuildFile; fileRef = 9B9FDE2A2366D40E00B1AA73 /* BaseTableView.m */; };
		9B9FDE372366D50B00B1AA73 /* XXDatabase.mm in Sources */ = {isa = PBXBuildFile; fileRef = 9B9FDE362366D50B00B1AA73 /* XXDatabase.mm */; };
		9B9FDE3D2366DAB600B1AA73 /* NSString+Add.m in Sources */ = {isa = PBXBuildFile; fileRef = 9B9FDE3C2366DAB600B1AA73 /* NSString+Add.m */; };
		9BD935DB235D6E3000B34B13 /* XLBook.xcdatamodeld in Sources */ = {isa = PBXBuildFile; fileRef = 9BD935D9235D6E3000B34B13 /* XLBook.xcdatamodeld */; };
		9BD93608235D717000B34B13 /* Assets.xcassets in Resources */ = {isa = PBXBuildFile; fileRef = 9BD935EC235D717000B34B13 /* Assets.xcassets */; };
		9BD9360A235D717000B34B13 /* Main.storyboard in Resources */ = {isa = PBXBuildFile; fileRef = 9BD93600235D717000B34B13 /* Main.storyboard */; };
		9BD9360B235D717000B34B13 /* main.m in Sources */ = {isa = PBXBuildFile; fileRef = 9BD93602235D717000B34B13 /* main.m */; };
		9BD9360D235D717000B34B13 /* AppDelegate.m in Sources */ = {isa = PBXBuildFile; fileRef = 9BD93606235D717000B34B13 /* AppDelegate.m */; };
		9BD93612235D720E00B34B13 /* XLBookBaseController.m in Sources */ = {isa = PBXBuildFile; fileRef = 9BD93611235D720E00B34B13 /* XLBookBaseController.m */; };
		9BD93712235D72B200B34B13 /* YBNetworkResponse.m in Sources */ = {isa = PBXBuildFile; fileRef = 9BD93618235D72B200B34B13 /* YBNetworkResponse.m */; };
		9BD93713235D72B200B34B13 /* YBNetworkCache.m in Sources */ = {isa = PBXBuildFile; fileRef = 9BD9361D235D72B200B34B13 /* YBNetworkCache.m */; };
		9BD93714235D72B200B34B13 /* YBNetworkManager.m in Sources */ = {isa = PBXBuildFile; fileRef = 9BD9361F235D72B200B34B13 /* YBNetworkManager.m */; };
		9BD93715235D72B200B34B13 /* YBBaseRequest.m in Sources */ = {isa = PBXBuildFile; fileRef = 9BD93622235D72B200B34B13 /* YBBaseRequest.m */; };
		9BD9379B235D804600B34B13 /* SceneDelegate.m in Sources */ = {isa = PBXBuildFile; fileRef = 9BD9379A235D804600B34B13 /* SceneDelegate.m */; };
		9BE63DA423608B2200C87BCC /* TopBookOneBookTJView.m in Sources */ = {isa = PBXBuildFile; fileRef = 9BE63DA323608B2200C87BCC /* TopBookOneBookTJView.m */; };
/* End PBXBuildFile section */

/* Begin PBXFileReference section */
		30DFE58C575FFA38F726E2DC /* Pods-XLBook.release.xcconfig */ = {isa = PBXFileReference; includeInIndex = 1; lastKnownFileType = text.xcconfig; name = "Pods-XLBook.release.xcconfig"; path = "Target Support Files/Pods-XLBook/Pods-XLBook.release.xcconfig"; sourceTree = "<group>"; };
		9B01CD7B236ABF15003EBA12 /* NSBundle+PYSearchExtension.h */ = {isa = PBXFileReference; fileEncoding = 4; lastKnownFileType = sourcecode.c.h; path = "NSBundle+PYSearchExtension.h"; sourceTree = "<group>"; };
		9B01CD7C236ABF15003EBA12 /* UIColor+PYSearchExtension.m */ = {isa = PBXFileReference; fileEncoding = 4; lastKnownFileType = sourcecode.c.objc; path = "UIColor+PYSearchExtension.m"; sourceTree = "<group>"; };
		9B01CD7D236ABF15003EBA12 /* PYSearchViewController.m */ = {isa = PBXFileReference; fileEncoding = 4; lastKnownFileType = sourcecode.c.objc; path = PYSearchViewController.m; sourceTree = "<group>"; };
		9B01CD7E236ABF15003EBA12 /* PYSearchSuggestionViewController.m */ = {isa = PBXFileReference; fileEncoding = 4; lastKnownFileType = sourcecode.c.objc; path = PYSearchSuggestionViewController.m; sourceTree = "<group>"; };
		9B01CD7F236ABF15003EBA12 /* UIView+PYSearchExtension.h */ = {isa = PBXFileReference; fileEncoding = 4; lastKnownFileType = sourcecode.c.h; path = "UIView+PYSearchExtension.h"; sourceTree = "<group>"; };
		9B01CD80236ABF15003EBA12 /* PYSearchConst.m */ = {isa = PBXFileReference; fileEncoding = 4; lastKnownFileType = sourcecode.c.objc; path = PYSearchConst.m; sourceTree = "<group>"; };
		9B01CD81236ABF15003EBA12 /* PYSearch.bundle */ = {isa = PBXFileReference; lastKnownFileType = "wrapper.plug-in"; path = PYSearch.bundle; sourceTree = "<group>"; };
		9B01CD82236ABF15003EBA12 /* NSBundle+PYSearchExtension.m */ = {isa = PBXFileReference; fileEncoding = 4; lastKnownFileType = sourcecode.c.objc; path = "NSBundle+PYSearchExtension.m"; sourceTree = "<group>"; };
		9B01CD83236ABF15003EBA12 /* PYSearch.h */ = {isa = PBXFileReference; fileEncoding = 4; lastKnownFileType = sourcecode.c.h; path = PYSearch.h; sourceTree = "<group>"; };
		9B01CD84236ABF15003EBA12 /* PYSearchSuggestionViewController.h */ = {isa = PBXFileReference; fileEncoding = 4; lastKnownFileType = sourcecode.c.h; path = PYSearchSuggestionViewController.h; sourceTree = "<group>"; };
		9B01CD85236ABF15003EBA12 /* PYSearchViewController.h */ = {isa = PBXFileReference; fileEncoding = 4; lastKnownFileType = sourcecode.c.h; path = PYSearchViewController.h; sourceTree = "<group>"; };
		9B01CD86236ABF15003EBA12 /* UIColor+PYSearchExtension.h */ = {isa = PBXFileReference; fileEncoding = 4; lastKnownFileType = sourcecode.c.h; path = "UIColor+PYSearchExtension.h"; sourceTree = "<group>"; };
		9B01CD87236ABF15003EBA12 /* PYSearchConst.h */ = {isa = PBXFileReference; fileEncoding = 4; lastKnownFileType = sourcecode.c.h; path = PYSearchConst.h; sourceTree = "<group>"; };
		9B01CD88236ABF15003EBA12 /* UIView+PYSearchExtension.m */ = {isa = PBXFileReference; fileEncoding = 4; lastKnownFileType = sourcecode.c.objc; path = "UIView+PYSearchExtension.m"; sourceTree = "<group>"; };
		9B01CD95236C1E81003EBA12 /* XLBookInfoController.h */ = {isa = PBXFileReference; lastKnownFileType = sourcecode.c.h; path = XLBookInfoController.h; sourceTree = "<group>"; };
		9B01CD96236C1E81003EBA12 /* XLBookInfoController.m */ = {isa = PBXFileReference; lastKnownFileType = sourcecode.c.objc; path = XLBookInfoController.m; sourceTree = "<group>"; };
		9B32B05D235D846200FE71A9 /* MyBookController.h */ = {isa = PBXFileReference; lastKnownFileType = sourcecode.c.h; path = MyBookController.h; sourceTree = "<group>"; };
		9B32B05E235D846200FE71A9 /* MyBookController.m */ = {isa = PBXFileReference; lastKnownFileType = sourcecode.c.objc; path = MyBookController.m; sourceTree = "<group>"; };
		9B32B060235D847500FE71A9 /* TopBookController.h */ = {isa = PBXFileReference; lastKnownFileType = sourcecode.c.h; path = TopBookController.h; sourceTree = "<group>"; };
		9B32B061235D847500FE71A9 /* TopBookController.m */ = {isa = PBXFileReference; lastKnownFileType = sourcecode.c.objc; path = TopBookController.m; sourceTree = "<group>"; };
		9B32B066235D852300FE71A9 /* XLBookNavController.h */ = {isa = PBXFileReference; lastKnownFileType = sourcecode.c.h; path = XLBookNavController.h; sourceTree = "<group>"; };
		9B32B067235D852300FE71A9 /* XLBookNavController.m */ = {isa = PBXFileReference; lastKnownFileType = sourcecode.c.objc; path = XLBookNavController.m; sourceTree = "<group>"; };
		9B32B069235D860400FE71A9 /* XLTabBarBookController.h */ = {isa = PBXFileReference; lastKnownFileType = sourcecode.c.h; path = XLTabBarBookController.h; sourceTree = "<group>"; };
		9B32B06A235D860400FE71A9 /* XLTabBarBookController.m */ = {isa = PBXFileReference; lastKnownFileType = sourcecode.c.objc; path = XLTabBarBookController.m; sourceTree = "<group>"; };
		9B32B06D235D89D900FE71A9 /* LNSkinHelper.h */ = {isa = PBXFileReference; fileEncoding = 4; lastKnownFileType = sourcecode.c.h; path = LNSkinHelper.h; sourceTree = "<group>"; };
		9B32B06E235D89D900FE71A9 /* LNSkinHelper.m */ = {isa = PBXFileReference; fileEncoding = 4; lastKnownFileType = sourcecode.c.objc; path = LNSkinHelper.m; sourceTree = "<group>"; };
		9B32B06F235D89D900FE71A9 /* LNConst.h */ = {isa = PBXFileReference; fileEncoding = 4; lastKnownFileType = sourcecode.c.h; path = LNConst.h; sourceTree = "<group>"; };
		9B32B070235D89D900FE71A9 /* LNRequest.h */ = {isa = PBXFileReference; fileEncoding = 4; lastKnownFileType = sourcecode.c.h; path = LNRequest.h; sourceTree = "<group>"; };
		9B32B071235D89D900FE71A9 /* LNConst.m */ = {isa = PBXFileReference; fileEncoding = 4; lastKnownFileType = sourcecode.c.objc; path = LNConst.m; sourceTree = "<group>"; };
		9B32B072235D89D900FE71A9 /* singleton.h */ = {isa = PBXFileReference; fileEncoding = 4; lastKnownFileType = sourcecode.c.h; path = singleton.h; sourceTree = "<group>"; };
		9B32B073235D89D900FE71A9 /* LNRequest.m */ = {isa = PBXFileReference; fileEncoding = 4; lastKnownFileType = sourcecode.c.objc; path = LNRequest.m; sourceTree = "<group>"; };
		9B32B07C235D947D00FE71A9 /* FLList.plist */ = {isa = PBXFileReference; lastKnownFileType = text.plist.xml; path = FLList.plist; sourceTree = "<group>"; };
		9B32B07F235D9A3F00FE71A9 /* LeeRunTimePush.m */ = {isa = PBXFileReference; fileEncoding = 4; lastKnownFileType = sourcecode.c.objc; path = LeeRunTimePush.m; sourceTree = "<group>"; };
		9B32B080235D9A3F00FE71A9 /* LeeRunTimePush.h */ = {isa = PBXFileReference; fileEncoding = 4; lastKnownFileType = sourcecode.c.h; path = LeeRunTimePush.h; sourceTree = "<group>"; };
		9B32B082235D9E4B00FE71A9 /* TopBookDController.h */ = {isa = PBXFileReference; lastKnownFileType = sourcecode.c.h; path = TopBookDController.h; sourceTree = "<group>"; };
		9B32B083235D9E4B00FE71A9 /* TopBookDController.m */ = {isa = PBXFileReference; lastKnownFileType = sourcecode.c.objc; path = TopBookDController.m; sourceTree = "<group>"; };
		9B32B085235D9F9700FE71A9 /* TopBookModel.h */ = {isa = PBXFileReference; lastKnownFileType = sourcecode.c.h; path = TopBookModel.h; sourceTree = "<group>"; };
		9B32B086235D9F9700FE71A9 /* TopBookModel.m */ = {isa = PBXFileReference; lastKnownFileType = sourcecode.c.objc; path = TopBookModel.m; sourceTree = "<group>"; };
		9B32B089235DA07100FE71A9 /* MBProgressHUD+LNHUD.h */ = {isa = PBXFileReference; fileEncoding = 4; lastKnownFileType = sourcecode.c.h; path = "MBProgressHUD+LNHUD.h"; sourceTree = "<group>"; };
		9B32B08A235DA07100FE71A9 /* MBProgressHUD+LNHUD.m */ = {isa = PBXFileReference; fileEncoding = 4; lastKnownFileType = sourcecode.c.objc; path = "MBProgressHUD+LNHUD.m"; sourceTree = "<group>"; };
		9B32B08C235DA10F00FE71A9 /* XLAPI.h */ = {isa = PBXFileReference; lastKnownFileType = sourcecode.c.h; path = XLAPI.h; sourceTree = "<group>"; };
		9B32B08D235DA10F00FE71A9 /* XLAPI.m */ = {isa = PBXFileReference; lastKnownFileType = sourcecode.c.objc; path = XLAPI.m; sourceTree = "<group>"; };
		9B32B08F235DADD800FE71A9 /* TopBookListModel.h */ = {isa = PBXFileReference; lastKnownFileType = sourcecode.c.h; path = TopBookListModel.h; sourceTree = "<group>"; };
		9B32B090235DADD800FE71A9 /* TopBookListModel.m */ = {isa = PBXFileReference; lastKnownFileType = sourcecode.c.objc; path = TopBookListModel.m; sourceTree = "<group>"; };
		9B32B092235DBE0400FE71A9 /* TopBookDCell.h */ = {isa = PBXFileReference; lastKnownFileType = sourcecode.c.h; path = TopBookDCell.h; sourceTree = "<group>"; };
		9B32B093235DBE0400FE71A9 /* TopBookDCell.m */ = {isa = PBXFileReference; lastKnownFileType = sourcecode.c.objc; path = TopBookDCell.m; sourceTree = "<group>"; };
		9B32B09A235EADBA00FE71A9 /* LeeLabel.h */ = {isa = PBXFileReference; fileEncoding = 4; lastKnownFileType = sourcecode.c.h; path = LeeLabel.h; sourceTree = "<group>"; };
		9B32B09B235EADBA00FE71A9 /* LeeLabel.m */ = {isa = PBXFileReference; fileEncoding = 4; lastKnownFileType = sourcecode.c.objc; path = LeeLabel.m; sourceTree = "<group>"; };
		9B32B09D235EB01D00FE71A9 /* TopBookOneBookDController.h */ = {isa = PBXFileReference; lastKnownFileType = sourcecode.c.h; path = TopBookOneBookDController.h; sourceTree = "<group>"; };
		9B32B09E235EB01D00FE71A9 /* TopBookOneBookDController.m */ = {isa = PBXFileReference; lastKnownFileType = sourcecode.c.objc; path = TopBookOneBookDController.m; sourceTree = "<group>"; };
		9B32B0A0235ECAA100FE71A9 /* XLTopOneBookNav.h */ = {isa = PBXFileReference; lastKnownFileType = sourcecode.c.h; path = XLTopOneBookNav.h; sourceTree = "<group>"; };
		9B32B0A1235ECAA100FE71A9 /* XLTopOneBookNav.m */ = {isa = PBXFileReference; lastKnownFileType = sourcecode.c.objc; path = XLTopOneBookNav.m; sourceTree = "<group>"; };
		9B32B0A3235EEB2A00FE71A9 /* XLTopBookOneHeaderView.h */ = {isa = PBXFileReference; lastKnownFileType = sourcecode.c.h; path = XLTopBookOneHeaderView.h; sourceTree = "<group>"; };
		9B32B0A4235EEB2A00FE71A9 /* XLTopBookOneHeaderView.m */ = {isa = PBXFileReference; lastKnownFileType = sourcecode.c.objc; path = XLTopBookOneHeaderView.m; sourceTree = "<group>"; };
		9B32B0A8235EEFD000FE71A9 /* 111.jpg */ = {isa = PBXFileReference; lastKnownFileType = image.jpeg; path = 111.jpg; sourceTree = "<group>"; };
		9B32B0AD235EFB7400FE71A9 /* TopBookOneBookDModel.h */ = {isa = PBXFileReference; lastKnownFileType = sourcecode.c.h; path = TopBookOneBookDModel.h; sourceTree = "<group>"; };
		9B32B0AE235EFB7400FE71A9 /* TopBookOneBookDModel.mm */ = {isa = PBXFileReference; lastKnownFileType = sourcecode.cpp.objcpp; path = TopBookOneBookDModel.mm; sourceTree = "<group>"; };
		9B32B0B02360211700FE71A9 /* TopBookOneBookMLCell.h */ = {isa = PBXFileReference; lastKnownFileType = sourcecode.c.h; path = TopBookOneBookMLCell.h; sourceTree = "<group>"; };
		9B32B0B12360211700FE71A9 /* TopBookOneBookMLCell.m */ = {isa = PBXFileReference; lastKnownFileType = sourcecode.c.objc; path = TopBookOneBookMLCell.m; sourceTree = "<group>"; };
		9B32B0B323602E0600FE71A9 /* TopBookOneBookTJCell.h */ = {isa = PBXFileReference; lastKnownFileType = sourcecode.c.h; path = TopBookOneBookTJCell.h; sourceTree = "<group>"; };
		9B32B0B423602E0600FE71A9 /* TopBookOneBookTJCell.m */ = {isa = PBXFileReference; lastKnownFileType = sourcecode.c.objc; path = TopBookOneBookTJCell.m; sourceTree = "<group>"; };
		9B32B0B923603C8500FE71A9 /* TopBookOneBookHXJListView.h */ = {isa = PBXFileReference; lastKnownFileType = sourcecode.c.h; path = TopBookOneBookHXJListView.h; sourceTree = "<group>"; };
		9B32B0BA23603C8500FE71A9 /* TopBookOneBookHXJListView.m */ = {isa = PBXFileReference; lastKnownFileType = sourcecode.c.objc; path = TopBookOneBookHXJListView.m; sourceTree = "<group>"; };
		9B32B0BC2360503D00FE71A9 /* TopBookOneBookHXJListCell.h */ = {isa = PBXFileReference; lastKnownFileType = sourcecode.c.h; path = TopBookOneBookHXJListCell.h; sourceTree = "<group>"; };
		9B32B0BD2360503D00FE71A9 /* TopBookOneBookHXJListCell.m */ = {isa = PBXFileReference; lastKnownFileType = sourcecode.c.objc; path = TopBookOneBookHXJListCell.m; sourceTree = "<group>"; };
		9B32B0BF236056A600FE71A9 /* TopBookHXGModel.h */ = {isa = PBXFileReference; lastKnownFileType = sourcecode.c.h; path = TopBookHXGModel.h; sourceTree = "<group>"; };
		9B32B0C0236056A600FE71A9 /* TopBookHXGModel.m */ = {isa = PBXFileReference; lastKnownFileType = sourcecode.c.objc; path = TopBookHXGModel.m; sourceTree = "<group>"; };
		9B3AF1A62361614C00DF6C18 /* TopBookOneBookHXJCell.h */ = {isa = PBXFileReference; fileEncoding = 4; lastKnownFileType = sourcecode.c.h; path = TopBookOneBookHXJCell.h; sourceTree = "<group>"; };
		9B3AF1A72361614C00DF6C18 /* TopBookOneBookHXJCell.m */ = {isa = PBXFileReference; fileEncoding = 4; lastKnownFileType = sourcecode.c.objc; path = TopBookOneBookHXJCell.m; sourceTree = "<group>"; };
		9B3AF1AF23617FE300DF6C18 /* Base */ = {isa = PBXFileReference; lastKnownFileType = file.storyboard; name = Base; path = Base.lproj/LaunchScreen.storyboard; sourceTree = "<group>"; };
		9B3AF25623619A5A00DF6C18 /* LNTableViewController.h */ = {isa = PBXFileReference; fileEncoding = 4; lastKnownFileType = sourcecode.c.h; path = LNTableViewController.h; sourceTree = "<group>"; };
		9B3AF25723619A5A00DF6C18 /* LNTableViewController.m */ = {isa = PBXFileReference; fileEncoding = 4; lastKnownFileType = sourcecode.c.objc; path = LNTableViewController.m; sourceTree = "<group>"; };
		9B9FDDA72366D3C700B1AA73 /* UIButton+ImagePosition.m */ = {isa = PBXFileReference; fileEncoding = 4; lastKnownFileType = sourcecode.c.objc; path = "UIButton+ImagePosition.m"; sourceTree = "<group>"; };
		9B9FDDA82366D3C700B1AA73 /* UIView+NewLine.m */ = {isa = PBXFileReference; fileEncoding = 4; lastKnownFileType = sourcecode.c.objc; path = "UIView+NewLine.m"; sourceTree = "<group>"; };
		9B9FDDA92366D3C700B1AA73 /* UILabel+Add.m */ = {isa = PBXFileReference; fileEncoding = 4; lastKnownFileType = sourcecode.c.objc; path = "UILabel+Add.m"; sourceTree = "<group>"; };
		9B9FDDAA2366D3C700B1AA73 /* UIButton+EnlargeTouchArea.h */ = {isa = PBXFileReference; fileEncoding = 4; lastKnownFileType = sourcecode.c.h; path = "UIButton+EnlargeTouchArea.h"; sourceTree = "<group>"; };
		9B9FDDAB2366D3C700B1AA73 /* YYLabel+Add.h */ = {isa = PBXFileReference; fileEncoding = 4; lastKnownFileType = sourcecode.c.h; path = "YYLabel+Add.h"; sourceTree = "<group>"; };
		9B9FDDAC2366D3C700B1AA73 /* UIButton+Add.m */ = {isa = PBXFileReference; fileEncoding = 4; lastKnownFileType = sourcecode.c.objc; path = "UIButton+Add.m"; sourceTree = "<group>"; };
		9B9FDDAD2366D3C700B1AA73 /* UIViewController+Add.m */ = {isa = PBXFileReference; fileEncoding = 4; lastKnownFileType = sourcecode.c.objc; path = "UIViewController+Add.m"; sourceTree = "<group>"; };
		9B9FDDAE2366D3C700B1AA73 /* UILabel+Add.h */ = {isa = PBXFileReference; fileEncoding = 4; lastKnownFileType = sourcecode.c.h; path = "UILabel+Add.h"; sourceTree = "<group>"; };
		9B9FDDAF2366D3C700B1AA73 /* UIButton+ImagePosition.h */ = {isa = PBXFileReference; fileEncoding = 4; lastKnownFileType = sourcecode.c.h; path = "UIButton+ImagePosition.h"; sourceTree = "<group>"; };
		9B9FDDB02366D3C700B1AA73 /* UIView+NewLine.h */ = {isa = PBXFileReference; fileEncoding = 4; lastKnownFileType = sourcecode.c.h; path = "UIView+NewLine.h"; sourceTree = "<group>"; };
		9B9FDDB12366D3C700B1AA73 /* YYLabel+Add.m */ = {isa = PBXFileReference; fileEncoding = 4; lastKnownFileType = sourcecode.c.objc; path = "YYLabel+Add.m"; sourceTree = "<group>"; };
		9B9FDDB22366D3C700B1AA73 /* UIButton+EnlargeTouchArea.m */ = {isa = PBXFileReference; fileEncoding = 4; lastKnownFileType = sourcecode.c.objc; path = "UIButton+EnlargeTouchArea.m"; sourceTree = "<group>"; };
		9B9FDDB32366D3C700B1AA73 /* UIViewController+Add.h */ = {isa = PBXFileReference; fileEncoding = 4; lastKnownFileType = sourcecode.c.h; path = "UIViewController+Add.h"; sourceTree = "<group>"; };
		9B9FDDB42366D3C700B1AA73 /* UIButton+Add.h */ = {isa = PBXFileReference; fileEncoding = 4; lastKnownFileType = sourcecode.c.h; path = "UIButton+Add.h"; sourceTree = "<group>"; };
		9B9FDDB62366D3C700B1AA73 /* XXBookSettingView.m */ = {isa = PBXFileReference; fileEncoding = 4; lastKnownFileType = sourcecode.c.objc; path = XXBookSettingView.m; sourceTree = "<group>"; };
		9B9FDDB72366D3C700B1AA73 /* XXBookSettingView.h */ = {isa = PBXFileReference; fileEncoding = 4; lastKnownFileType = sourcecode.c.h; path = XXBookSettingView.h; sourceTree = "<group>"; };
		9B9FDDB92366D3C700B1AA73 /* XXDirectoryVC.h */ = {isa = PBXFileReference; fileEncoding = 4; lastKnownFileType = sourcecode.c.h; path = XXDirectoryVC.h; sourceTree = "<group>"; };
		9B9FDDBA2366D3C700B1AA73 /* XXDirectoryCell.h */ = {isa = PBXFileReference; fileEncoding = 4; lastKnownFileType = sourcecode.c.h; path = XXDirectoryCell.h; sourceTree = "<group>"; };
		9B9FDDBB2366D3C700B1AA73 /* XXDirectoryCell.m */ = {isa = PBXFileReference; fileEncoding = 4; lastKnownFileType = sourcecode.c.objc; path = XXDirectoryCell.m; sourceTree = "<group>"; };
		9B9FDDBC2366D3C700B1AA73 /* XXDirectoryVC.m */ = {isa = PBXFileReference; fileEncoding = 4; lastKnownFileType = sourcecode.c.objc; path = XXDirectoryVC.m; sourceTree = "<group>"; };
		9B9FDDBE2366D3C700B1AA73 /* XXBookContentVC.h */ = {isa = PBXFileReference; fileEncoding = 4; lastKnownFileType = sourcecode.c.h; path = XXBookContentVC.h; sourceTree = "<group>"; };
		9B9FDDBF2366D3C700B1AA73 /* XXBookReadingVC.m */ = {isa = PBXFileReference; fileEncoding = 4; lastKnownFileType = sourcecode.c.objc; path = XXBookReadingVC.m; sourceTree = "<group>"; };
		9B9FDDDE2366D3C700B1AA73 /* XXBookContentVC.m */ = {isa = PBXFileReference; fileEncoding = 4; lastKnownFileType = sourcecode.c.objc; path = XXBookContentVC.m; sourceTree = "<group>"; };
		9B9FDDDF2366D3C700B1AA73 /* XXBookReadingVC.h */ = {isa = PBXFileReference; fileEncoding = 4; lastKnownFileType = sourcecode.c.h; path = XXBookReadingVC.h; sourceTree = "<group>"; };
		9B9FDDE12366D3C700B1AA73 /* BatteryView.m */ = {isa = PBXFileReference; fileEncoding = 4; lastKnownFileType = sourcecode.c.objc; path = BatteryView.m; sourceTree = "<group>"; };
		9B9FDDE22366D3C700B1AA73 /* XXBookMenuView.h */ = {isa = PBXFileReference; fileEncoding = 4; lastKnownFileType = sourcecode.c.h; path = XXBookMenuView.h; sourceTree = "<group>"; };
		9B9FDDE32366D3C700B1AA73 /* BatteryView.h */ = {isa = PBXFileReference; fileEncoding = 4; lastKnownFileType = sourcecode.c.h; path = BatteryView.h; sourceTree = "<group>"; };
		9B9FDDE42366D3C700B1AA73 /* XXBookMenuView.m */ = {isa = PBXFileReference; fileEncoding = 4; lastKnownFileType = sourcecode.c.objc; path = XXBookMenuView.m; sourceTree = "<group>"; };
		9B9FDDE62366D3C700B1AA73 /* XXBookBodyModel.mm */ = {isa = PBXFileReference; fileEncoding = 4; lastKnownFileType = sourcecode.cpp.objcpp; path = XXBookBodyModel.mm; sourceTree = "<group>"; };
		9B9FDDE72366D3C700B1AA73 /* XLBookReadZJLBModel.h */ = {isa = PBXFileReference; fileEncoding = 4; lastKnownFileType = sourcecode.c.h; path = XLBookReadZJLBModel.h; sourceTree = "<group>"; };
		9B9FDDE82366D3C700B1AA73 /* XLBookReadZJLBModel.mm */ = {isa = PBXFileReference; fileEncoding = 4; lastKnownFileType = sourcecode.cpp.objcpp; path = XLBookReadZJLBModel.mm; sourceTree = "<group>"; };
		9B9FDDE92366D3C700B1AA73 /* XXBookBodyModel.h */ = {isa = PBXFileReference; fileEncoding = 4; lastKnownFileType = sourcecode.c.h; path = XXBookBodyModel.h; sourceTree = "<group>"; };
		9B9FDDF62366D3C700B1AA73 /* DateTools.h */ = {isa = PBXFileReference; fileEncoding = 4; lastKnownFileType = sourcecode.c.h; path = DateTools.h; sourceTree = "<group>"; };
		9B9FDDF72366D3C700B1AA73 /* DateTools.m */ = {isa = PBXFileReference; fileEncoding = 4; lastKnownFileType = sourcecode.c.objc; path = DateTools.m; sourceTree = "<group>"; };
		9B9FDDF82366D3C700B1AA73 /* UtilsMacro.h */ = {isa = PBXFileReference; fileEncoding = 4; lastKnownFileType = sourcecode.c.h; path = UtilsMacro.h; sourceTree = "<group>"; };
		9B9FDDF92366D3C700B1AA73 /* XXHighLightButton.h */ = {isa = PBXFileReference; fileEncoding = 4; lastKnownFileType = sourcecode.c.h; path = XXHighLightButton.h; sourceTree = "<group>"; };
		9B9FDDFA2366D3C700B1AA73 /* XXSafeAreaInsets.h */ = {isa = PBXFileReference; fileEncoding = 4; lastKnownFileType = sourcecode.c.h; path = XXSafeAreaInsets.h; sourceTree = "<group>"; };
		9B9FDDFB2366D3C700B1AA73 /* NotificationMacro.h */ = {isa = PBXFileReference; fileEncoding = 4; lastKnownFileType = sourcecode.c.h; path = NotificationMacro.h; sourceTree = "<group>"; };
		9B9FDDFC2366D3C700B1AA73 /* XXHighLightButton.m */ = {isa = PBXFileReference; fileEncoding = 4; lastKnownFileType = sourcecode.c.objc; path = XXHighLightButton.m; sourceTree = "<group>"; };
		9B9FDDFD2366D3C700B1AA73 /* XXSafeAreaInsets.m */ = {isa = PBXFileReference; fileEncoding = 4; lastKnownFileType = sourcecode.c.objc; path = XXSafeAreaInsets.m; sourceTree = "<group>"; };
		9B9FDDFF2366D3C700B1AA73 /* HUD.h */ = {isa = PBXFileReference; fileEncoding = 4; lastKnownFileType = sourcecode.c.h; path = HUD.h; sourceTree = "<group>"; };
		9B9FDE002366D3C700B1AA73 /* HUD.m */ = {isa = PBXFileReference; fileEncoding = 4; lastKnownFileType = sourcecode.c.objc; path = HUD.m; sourceTree = "<group>"; };
		9B9FDE262366D40E00B1AA73 /* BaseTableViewProtocol.h */ = {isa = PBXFileReference; fileEncoding = 4; lastKnownFileType = sourcecode.c.h; path = BaseTableViewProtocol.h; sourceTree = "<group>"; };
		9B9FDE272366D40E00B1AA73 /* BaseTableViewCell.m */ = {isa = PBXFileReference; fileEncoding = 4; lastKnownFileType = sourcecode.c.objc; path = BaseTableViewCell.m; sourceTree = "<group>"; };
		9B9FDE282366D40E00B1AA73 /* BaseView.m */ = {isa = PBXFileReference; fileEncoding = 4; lastKnownFileType = sourcecode.c.objc; path = BaseView.m; sourceTree = "<group>"; };
		9B9FDE292366D40E00B1AA73 /* BaseTableViewController.m */ = {isa = PBXFileReference; fileEncoding = 4; lastKnownFileType = sourcecode.c.objc; path = BaseTableViewController.m; sourceTree = "<group>"; };
		9B9FDE2A2366D40E00B1AA73 /* BaseTableView.m */ = {isa = PBXFileReference; fileEncoding = 4; lastKnownFileType = sourcecode.c.objc; path = BaseTableView.m; sourceTree = "<group>"; };
		9B9FDE2B2366D40E00B1AA73 /* BaseTableViewCell.h */ = {isa = PBXFileReference; fileEncoding = 4; lastKnownFileType = sourcecode.c.h; path = BaseTableViewCell.h; sourceTree = "<group>"; };
		9B9FDE2C2366D40E00B1AA73 /* BaseTableViewController.h */ = {isa = PBXFileReference; fileEncoding = 4; lastKnownFileType = sourcecode.c.h; path = BaseTableViewController.h; sourceTree = "<group>"; };
		9B9FDE2D2366D40E00B1AA73 /* BaseView.h */ = {isa = PBXFileReference; fileEncoding = 4; lastKnownFileType = sourcecode.c.h; path = BaseView.h; sourceTree = "<group>"; };
		9B9FDE2E2366D40E00B1AA73 /* BaseTableView.h */ = {isa = PBXFileReference; fileEncoding = 4; lastKnownFileType = sourcecode.c.h; path = BaseTableView.h; sourceTree = "<group>"; };
		9B9FDE342366D50B00B1AA73 /* XXDatabase.h */ = {isa = PBXFileReference; fileEncoding = 4; lastKnownFileType = sourcecode.c.h; path = XXDatabase.h; sourceTree = "<group>"; };
		9B9FDE352366D50B00B1AA73 /* XXDatabase+WCTTableCoding.h */ = {isa = PBXFileReference; fileEncoding = 4; lastKnownFileType = sourcecode.c.h; path = "XXDatabase+WCTTableCoding.h"; sourceTree = "<group>"; };
		9B9FDE362366D50B00B1AA73 /* XXDatabase.mm */ = {isa = PBXFileReference; fileEncoding = 4; lastKnownFileType = sourcecode.cpp.objcpp; path = XXDatabase.mm; sourceTree = "<group>"; };
		9B9FDE382366D56800B1AA73 /* XXBookModel+WCTTableCoding.h */ = {isa = PBXFileReference; fileEncoding = 4; lastKnownFileType = sourcecode.c.h; path = "XXBookModel+WCTTableCoding.h"; sourceTree = "<group>"; };
		9B9FDE392366D5FD00B1AA73 /* XXBookChapterModel+WCTTableCoding.h */ = {isa = PBXFileReference; fileEncoding = 4; lastKnownFileType = sourcecode.c.h; path = "XXBookChapterModel+WCTTableCoding.h"; sourceTree = "<group>"; };
		9B9FDE3A2366D73000B1AA73 /* XXBookBodyModel+WCTTableCoding.h */ = {isa = PBXFileReference; fileEncoding = 4; lastKnownFileType = sourcecode.c.h; path = "XXBookBodyModel+WCTTableCoding.h"; sourceTree = "<group>"; };
		9B9FDE3B2366DAB600B1AA73 /* NSString+Add.h */ = {isa = PBXFileReference; fileEncoding = 4; lastKnownFileType = sourcecode.c.h; path = "NSString+Add.h"; sourceTree = "<group>"; };
		9B9FDE3C2366DAB600B1AA73 /* NSString+Add.m */ = {isa = PBXFileReference; fileEncoding = 4; lastKnownFileType = sourcecode.c.objc; path = "NSString+Add.m"; sourceTree = "<group>"; };
		9BD935CA235D6E3000B34B13 /* XLBook.app */ = {isa = PBXFileReference; explicitFileType = wrapper.application; includeInIndex = 0; path = XLBook.app; sourceTree = BUILT_PRODUCTS_DIR; };
		9BD935DA235D6E3000B34B13 /* XLBook.xcdatamodel */ = {isa = PBXFileReference; lastKnownFileType = wrapper.xcdatamodel; path = XLBook.xcdatamodel; sourceTree = "<group>"; };
		9BD935E1235D6E3200B34B13 /* Info.plist */ = {isa = PBXFileReference; lastKnownFileType = text.plist.xml; path = Info.plist; sourceTree = "<group>"; };
		9BD935EC235D717000B34B13 /* Assets.xcassets */ = {isa = PBXFileReference; lastKnownFileType = folder.assetcatalog; path = Assets.xcassets; sourceTree = "<group>"; };
		9BD93601235D717000B34B13 /* Base */ = {isa = PBXFileReference; lastKnownFileType = file.storyboard; name = Base; path = Base.lproj/Main.storyboard; sourceTree = "<group>"; };
		9BD93602235D717000B34B13 /* main.m */ = {isa = PBXFileReference; fileEncoding = 4; lastKnownFileType = sourcecode.c.objc; path = main.m; sourceTree = "<group>"; };
		9BD93604235D717000B34B13 /* AppDelegate.h */ = {isa = PBXFileReference; fileEncoding = 4; lastKnownFileType = sourcecode.c.h; path = AppDelegate.h; sourceTree = "<group>"; };
		9BD93606235D717000B34B13 /* AppDelegate.m */ = {isa = PBXFileReference; fileEncoding = 4; lastKnownFileType = sourcecode.c.objc; path = AppDelegate.m; sourceTree = "<group>"; };
		9BD93610235D720E00B34B13 /* XLBookBaseController.h */ = {isa = PBXFileReference; lastKnownFileType = sourcecode.c.h; path = XLBookBaseController.h; sourceTree = "<group>"; };
		9BD93611235D720E00B34B13 /* XLBookBaseController.m */ = {isa = PBXFileReference; lastKnownFileType = sourcecode.c.objc; path = XLBookBaseController.m; sourceTree = "<group>"; };
		9BD93615235D72B200B34B13 /* YBBaseRequest.h */ = {isa = PBXFileReference; fileEncoding = 4; lastKnownFileType = sourcecode.c.h; path = YBBaseRequest.h; sourceTree = "<group>"; };
		9BD93616235D72B200B34B13 /* YBNetworkDefine.h */ = {isa = PBXFileReference; fileEncoding = 4; lastKnownFileType = sourcecode.c.h; path = YBNetworkDefine.h; sourceTree = "<group>"; };
		9BD93618235D72B200B34B13 /* YBNetworkResponse.m */ = {isa = PBXFileReference; fileEncoding = 4; lastKnownFileType = sourcecode.c.objc; path = YBNetworkResponse.m; sourceTree = "<group>"; };
		9BD93619235D72B200B34B13 /* YBNetworkResponse.h */ = {isa = PBXFileReference; fileEncoding = 4; lastKnownFileType = sourcecode.c.h; path = YBNetworkResponse.h; sourceTree = "<group>"; };
		9BD9361B235D72B200B34B13 /* YBNetworkCache+Internal.h */ = {isa = PBXFileReference; fileEncoding = 4; lastKnownFileType = sourcecode.c.h; path = "YBNetworkCache+Internal.h"; sourceTree = "<group>"; };
		9BD9361C235D72B200B34B13 /* YBNetworkCache.h */ = {isa = PBXFileReference; fileEncoding = 4; lastKnownFileType = sourcecode.c.h; path = YBNetworkCache.h; sourceTree = "<group>"; };
		9BD9361D235D72B200B34B13 /* YBNetworkCache.m */ = {isa = PBXFileReference; fileEncoding = 4; lastKnownFileType = sourcecode.c.objc; path = YBNetworkCache.m; sourceTree = "<group>"; };
		9BD9361F235D72B200B34B13 /* YBNetworkManager.m */ = {isa = PBXFileReference; fileEncoding = 4; lastKnownFileType = sourcecode.c.objc; path = YBNetworkManager.m; sourceTree = "<group>"; };
		9BD93620235D72B200B34B13 /* YBBaseRequest+Internal.h */ = {isa = PBXFileReference; fileEncoding = 4; lastKnownFileType = sourcecode.c.h; path = "YBBaseRequest+Internal.h"; sourceTree = "<group>"; };
		9BD93621235D72B200B34B13 /* YBNetworkManager.h */ = {isa = PBXFileReference; fileEncoding = 4; lastKnownFileType = sourcecode.c.h; path = YBNetworkManager.h; sourceTree = "<group>"; };
		9BD93622235D72B200B34B13 /* YBBaseRequest.m */ = {isa = PBXFileReference; fileEncoding = 4; lastKnownFileType = sourcecode.c.objc; path = YBBaseRequest.m; sourceTree = "<group>"; };
		9BD93782235D730600B34B13 /* XLBook.pch */ = {isa = PBXFileReference; lastKnownFileType = sourcecode.c.h; path = XLBook.pch; sourceTree = "<group>"; };
		9BD93799235D804600B34B13 /* SceneDelegate.h */ = {isa = PBXFileReference; fileEncoding = 4; lastKnownFileType = sourcecode.c.h; path = SceneDelegate.h; sourceTree = "<group>"; };
		9BD9379A235D804600B34B13 /* SceneDelegate.m */ = {isa = PBXFileReference; fileEncoding = 4; lastKnownFileType = sourcecode.c.objc; path = SceneDelegate.m; sourceTree = "<group>"; };
		9BE63DA223608B2200C87BCC /* TopBookOneBookTJView.h */ = {isa = PBXFileReference; lastKnownFileType = sourcecode.c.h; path = TopBookOneBookTJView.h; sourceTree = "<group>"; };
		9BE63DA323608B2200C87BCC /* TopBookOneBookTJView.m */ = {isa = PBXFileReference; lastKnownFileType = sourcecode.c.objc; path = TopBookOneBookTJView.m; sourceTree = "<group>"; };
		DADFB010B27A93C545AA30BE /* Pods_XLBook.framework */ = {isa = PBXFileReference; explicitFileType = wrapper.framework; includeInIndex = 0; path = Pods_XLBook.framework; sourceTree = BUILT_PRODUCTS_DIR; };
		F20B0EF3D2DC87138B2EF52C /* Pods-XLBook.debug.xcconfig */ = {isa = PBXFileReference; includeInIndex = 1; lastKnownFileType = text.xcconfig; name = "Pods-XLBook.debug.xcconfig"; path = "Target Support Files/Pods-XLBook/Pods-XLBook.debug.xcconfig"; sourceTree = "<group>"; };
/* End PBXFileReference section */

/* Begin PBXFrameworksBuildPhase section */
		9BD935C7235D6E3000B34B13 /* Frameworks */ = {
			isa = PBXFrameworksBuildPhase;
			buildActionMask = 2147483647;
			files = (
				6FFBF61C5EA8BD3B4335DA09 /* Pods_XLBook.framework in Frameworks */,
			);
			runOnlyForDeploymentPostprocessing = 0;
		};
/* End PBXFrameworksBuildPhase section */

/* Begin PBXGroup section */
		7B22AB6A3E24902F3096C340 /* Pods */ = {
			isa = PBXGroup;
			children = (
				F20B0EF3D2DC87138B2EF52C /* Pods-XLBook.debug.xcconfig */,
				30DFE58C575FFA38F726E2DC /* Pods-XLBook.release.xcconfig */,
			);
			path = Pods;
			sourceTree = "<group>";
		};
		9B01CD7A236ABF15003EBA12 /* PYSearch */ = {
			isa = PBXGroup;
			children = (
				9B01CD7B236ABF15003EBA12 /* NSBundle+PYSearchExtension.h */,
				9B01CD82236ABF15003EBA12 /* NSBundle+PYSearchExtension.m */,
				9B01CD86236ABF15003EBA12 /* UIColor+PYSearchExtension.h */,
				9B01CD7C236ABF15003EBA12 /* UIColor+PYSearchExtension.m */,
				9B01CD85236ABF15003EBA12 /* PYSearchViewController.h */,
				9B01CD7D236ABF15003EBA12 /* PYSearchViewController.m */,
				9B01CD84236ABF15003EBA12 /* PYSearchSuggestionViewController.h */,
				9B01CD7E236ABF15003EBA12 /* PYSearchSuggestionViewController.m */,
				9B01CD7F236ABF15003EBA12 /* UIView+PYSearchExtension.h */,
				9B01CD88236ABF15003EBA12 /* UIView+PYSearchExtension.m */,
				9B01CD87236ABF15003EBA12 /* PYSearchConst.h */,
				9B01CD80236ABF15003EBA12 /* PYSearchConst.m */,
				9B01CD83236ABF15003EBA12 /* PYSearch.h */,
				9B01CD81236ABF15003EBA12 /* PYSearch.bundle */,
			);
			path = PYSearch;
			sourceTree = "<group>";
		};
		9B01CD90236C1E0F003EBA12 /* InfoBook */ = {
			isa = PBXGroup;
			children = (
				9B01CD91236C1E0F003EBA12 /* Controller */,
				9B01CD92236C1E0F003EBA12 /* Model */,
				9B01CD93236C1E0F003EBA12 /* View */,
				9B01CD94236C1E0F003EBA12 /* Tool */,
			);
			path = InfoBook;
			sourceTree = "<group>";
		};
		9B01CD91236C1E0F003EBA12 /* Controller */ = {
			isa = PBXGroup;
			children = (
				9B01CD95236C1E81003EBA12 /* XLBookInfoController.h */,
				9B01CD96236C1E81003EBA12 /* XLBookInfoController.m */,
			);
			path = Controller;
			sourceTree = "<group>";
		};
		9B01CD92236C1E0F003EBA12 /* Model */ = {
			isa = PBXGroup;
			children = (
			);
			path = Model;
			sourceTree = "<group>";
		};
		9B01CD93236C1E0F003EBA12 /* View */ = {
			isa = PBXGroup;
			children = (
			);
			path = View;
			sourceTree = "<group>";
		};
		9B01CD94236C1E0F003EBA12 /* Tool */ = {
			isa = PBXGroup;
			children = (
			);
			path = Tool;
			sourceTree = "<group>";
		};
		9B32B06C235D89B400FE71A9 /* Tool */ = {
			isa = PBXGroup;
			children = (
				9B32B099235EADBA00FE71A9 /* LeeLabel */,
				9B32B07E235D9A3F00FE71A9 /* LeePushController */,
				9B32B06F235D89D900FE71A9 /* LNConst.h */,
				9B32B071235D89D900FE71A9 /* LNConst.m */,
				9B32B070235D89D900FE71A9 /* LNRequest.h */,
				9B32B073235D89D900FE71A9 /* LNRequest.m */,
				9B32B06D235D89D900FE71A9 /* LNSkinHelper.h */,
				9B32B06E235D89D900FE71A9 /* LNSkinHelper.m */,
				9B32B072235D89D900FE71A9 /* singleton.h */,
			);
			path = Tool;
			sourceTree = "<group>";
		};
		9B32B07E235D9A3F00FE71A9 /* LeePushController */ = {
			isa = PBXGroup;
			children = (
				9B32B080235D9A3F00FE71A9 /* LeeRunTimePush.h */,
				9B32B07F235D9A3F00FE71A9 /* LeeRunTimePush.m */,
			);
			path = LeePushController;
			sourceTree = "<group>";
		};
		9B32B088235DA07100FE71A9 /* Category */ = {
			isa = PBXGroup;
			children = (
				9B32B089235DA07100FE71A9 /* MBProgressHUD+LNHUD.h */,
				9B32B08A235DA07100FE71A9 /* MBProgressHUD+LNHUD.m */,
			);
			path = Category;
			sourceTree = "<group>";
		};
		9B32B099235EADBA00FE71A9 /* LeeLabel */ = {
			isa = PBXGroup;
			children = (
				9B32B09A235EADBA00FE71A9 /* LeeLabel.h */,
				9B32B09B235EADBA00FE71A9 /* LeeLabel.m */,
			);
			path = LeeLabel;
			sourceTree = "<group>";
		};
		9B3AF25F2361A18800DF6C18 /* View */ = {
			isa = PBXGroup;
			children = (
			);
			path = View;
			sourceTree = "<group>";
		};
		9B9FDDA52366D3C700B1AA73 /* ReadView */ = {
			isa = PBXGroup;
			children = (
				9B9FDE252366D40E00B1AA73 /* ReadBase */,
				9B9FDDA62366D3C700B1AA73 /* Category */,
				9B9FDDB52366D3C700B1AA73 /* BookSetting */,
				9B9FDDB82366D3C700B1AA73 /* Directory */,
				9B9FDDBD2366D3C700B1AA73 /* Controller */,
				9B9FDDE02366D3C700B1AA73 /* Menu */,
				9B9FDDE52366D3C700B1AA73 /* Model */,
				9B9FDDEA2366D3C700B1AA73 /* View */,
				9B9FDDF42366D3C700B1AA73 /* Tool */,
			);
			path = ReadView;
			sourceTree = "<group>";
		};
		9B9FDDA62366D3C700B1AA73 /* Category */ = {
			isa = PBXGroup;
			children = (
				9B9FDDA72366D3C700B1AA73 /* UIButton+ImagePosition.m */,
				9B9FDDA82366D3C700B1AA73 /* UIView+NewLine.m */,
				9B9FDDA92366D3C700B1AA73 /* UILabel+Add.m */,
				9B9FDDAA2366D3C700B1AA73 /* UIButton+EnlargeTouchArea.h */,
				9B9FDDAB2366D3C700B1AA73 /* YYLabel+Add.h */,
				9B9FDDAC2366D3C700B1AA73 /* UIButton+Add.m */,
				9B9FDDAD2366D3C700B1AA73 /* UIViewController+Add.m */,
				9B9FDDAE2366D3C700B1AA73 /* UILabel+Add.h */,
				9B9FDDAF2366D3C700B1AA73 /* UIButton+ImagePosition.h */,
				9B9FDDB02366D3C700B1AA73 /* UIView+NewLine.h */,
				9B9FDDB12366D3C700B1AA73 /* YYLabel+Add.m */,
				9B9FDDB22366D3C700B1AA73 /* UIButton+EnlargeTouchArea.m */,
				9B9FDDB32366D3C700B1AA73 /* UIViewController+Add.h */,
				9B9FDDB42366D3C700B1AA73 /* UIButton+Add.h */,
			);
			path = Category;
			sourceTree = "<group>";
		};
		9B9FDDB52366D3C700B1AA73 /* BookSetting */ = {
			isa = PBXGroup;
			children = (
				9B9FDDB62366D3C700B1AA73 /* XXBookSettingView.m */,
				9B9FDDB72366D3C700B1AA73 /* XXBookSettingView.h */,
			);
			path = BookSetting;
			sourceTree = "<group>";
		};
		9B9FDDB82366D3C700B1AA73 /* Directory */ = {
			isa = PBXGroup;
			children = (
				9B9FDDB92366D3C700B1AA73 /* XXDirectoryVC.h */,
				9B9FDDBA2366D3C700B1AA73 /* XXDirectoryCell.h */,
				9B9FDDBB2366D3C700B1AA73 /* XXDirectoryCell.m */,
				9B9FDDBC2366D3C700B1AA73 /* XXDirectoryVC.m */,
			);
			path = Directory;
			sourceTree = "<group>";
		};
		9B9FDDBD2366D3C700B1AA73 /* Controller */ = {
			isa = PBXGroup;
			children = (
				9B9FDDBE2366D3C700B1AA73 /* XXBookContentVC.h */,
				9B9FDDDE2366D3C700B1AA73 /* XXBookContentVC.m */,
				9B9FDDDF2366D3C700B1AA73 /* XXBookReadingVC.h */,
				9B9FDDBF2366D3C700B1AA73 /* XXBookReadingVC.m */,
			);
			path = Controller;
			sourceTree = "<group>";
		};
		9B9FDDE02366D3C700B1AA73 /* Menu */ = {
			isa = PBXGroup;
			children = (
				9B9FDDE12366D3C700B1AA73 /* BatteryView.m */,
				9B9FDDE22366D3C700B1AA73 /* XXBookMenuView.h */,
				9B9FDDE32366D3C700B1AA73 /* BatteryView.h */,
				9B9FDDE42366D3C700B1AA73 /* XXBookMenuView.m */,
			);
			path = Menu;
			sourceTree = "<group>";
		};
		9B9FDDE52366D3C700B1AA73 /* Model */ = {
			isa = PBXGroup;
			children = (
				9B9FDDE72366D3C700B1AA73 /* XLBookReadZJLBModel.h */,
				9B9FDDE82366D3C700B1AA73 /* XLBookReadZJLBModel.mm */,
				9B9FDDE92366D3C700B1AA73 /* XXBookBodyModel.h */,
				9B9FDDE62366D3C700B1AA73 /* XXBookBodyModel.mm */,
			);
			path = Model;
			sourceTree = "<group>";
		};
		9B9FDDEA2366D3C700B1AA73 /* View */ = {
			isa = PBXGroup;
			children = (
			);
			path = View;
			sourceTree = "<group>";
		};
		9B9FDDF42366D3C700B1AA73 /* Tool */ = {
			isa = PBXGroup;
			children = (
				9B9FDDF52366D3C700B1AA73 /* NSDateTool */,
				9B9FDDF82366D3C700B1AA73 /* UtilsMacro.h */,
				9B9FDDF92366D3C700B1AA73 /* XXHighLightButton.h */,
				9B9FDDFA2366D3C700B1AA73 /* XXSafeAreaInsets.h */,
				9B9FDDFB2366D3C700B1AA73 /* NotificationMacro.h */,
				9B9FDDFC2366D3C700B1AA73 /* XXHighLightButton.m */,
				9B9FDDFD2366D3C700B1AA73 /* XXSafeAreaInsets.m */,
				9B9FDDFE2366D3C700B1AA73 /* HUD */,
			);
			path = Tool;
			sourceTree = "<group>";
		};
		9B9FDDF52366D3C700B1AA73 /* NSDateTool */ = {
			isa = PBXGroup;
			children = (
				9B9FDDF62366D3C700B1AA73 /* DateTools.h */,
				9B9FDDF72366D3C700B1AA73 /* DateTools.m */,
			);
			path = NSDateTool;
			sourceTree = "<group>";
		};
		9B9FDDFE2366D3C700B1AA73 /* HUD */ = {
			isa = PBXGroup;
			children = (
				9B9FDDFF2366D3C700B1AA73 /* HUD.h */,
				9B9FDE002366D3C700B1AA73 /* HUD.m */,
			);
			path = HUD;
			sourceTree = "<group>";
		};
		9B9FDE252366D40E00B1AA73 /* ReadBase */ = {
			isa = PBXGroup;
			children = (
				9B9FDE262366D40E00B1AA73 /* BaseTableViewProtocol.h */,
				9B9FDE272366D40E00B1AA73 /* BaseTableViewCell.m */,
				9B9FDE282366D40E00B1AA73 /* BaseView.m */,
				9B9FDE292366D40E00B1AA73 /* BaseTableViewController.m */,
				9B9FDE2A2366D40E00B1AA73 /* BaseTableView.m */,
				9B9FDE2B2366D40E00B1AA73 /* BaseTableViewCell.h */,
				9B9FDE2C2366D40E00B1AA73 /* BaseTableViewController.h */,
				9B9FDE2D2366D40E00B1AA73 /* BaseView.h */,
				9B9FDE2E2366D40E00B1AA73 /* BaseTableView.h */,
			);
			path = ReadBase;
			sourceTree = "<group>";
		};
		9B9FDE332366D50B00B1AA73 /* DB */ = {
			isa = PBXGroup;
			children = (
				9B9FDE3B2366DAB600B1AA73 /* NSString+Add.h */,
				9B9FDE3C2366DAB600B1AA73 /* NSString+Add.m */,
				9B9FDE3A2366D73000B1AA73 /* XXBookBodyModel+WCTTableCoding.h */,
				9B9FDE392366D5FD00B1AA73 /* XXBookChapterModel+WCTTableCoding.h */,
				9B9FDE382366D56800B1AA73 /* XXBookModel+WCTTableCoding.h */,
				9B9FDE342366D50B00B1AA73 /* XXDatabase.h */,
				9B9FDE362366D50B00B1AA73 /* XXDatabase.mm */,
				9B9FDE352366D50B00B1AA73 /* XXDatabase+WCTTableCoding.h */,
			);
			path = DB;
			sourceTree = "<group>";
		};
		9BD935C1235D6E3000B34B13 = {
			isa = PBXGroup;
			children = (
				9BD935CC235D6E3000B34B13 /* XLBook */,
				9BD935CB235D6E3000B34B13 /* Products */,
				7B22AB6A3E24902F3096C340 /* Pods */,
				D91A2D5691768854C8852333 /* Frameworks */,
			);
			sourceTree = "<group>";
		};
		9BD935CB235D6E3000B34B13 /* Products */ = {
			isa = PBXGroup;
			children = (
				9BD935CA235D6E3000B34B13 /* XLBook.app */,
			);
			name = Products;
			sourceTree = "<group>";
		};
		9BD935CC235D6E3000B34B13 /* XLBook */ = {
			isa = PBXGroup;
			children = (
				9BD935E9235D717000B34B13 /* ALL */,
				9BD935E1235D6E3200B34B13 /* Info.plist */,
				9BD935D9235D6E3000B34B13 /* XLBook.xcdatamodeld */,
				9BD93782235D730600B34B13 /* XLBook.pch */,
			);
			path = XLBook;
			sourceTree = "<group>";
		};
		9BD935E9235D717000B34B13 /* ALL */ = {
			isa = PBXGroup;
			children = (
				9BD93613235D72B200B34B13 /* lib */,
				9BD935EA235D717000B34B13 /* Classes */,
				9BD935FD235D717000B34B13 /* Other */,
				9BD93603235D717000B34B13 /* AppDel */,
			);
			path = ALL;
			sourceTree = "<group>";
		};
		9BD935EA235D717000B34B13 /* Classes */ = {
			isa = PBXGroup;
			children = (
				9BD935EB235D717000B34B13 /* Res */,
				9BD935ED235D717000B34B13 /* TabBar */,
			);
			path = Classes;
			sourceTree = "<group>";
		};
		9BD935EB235D717000B34B13 /* Res */ = {
			isa = PBXGroup;
			children = (
				9B32B0A8235EEFD000FE71A9 /* 111.jpg */,
				9BD935EC235D717000B34B13 /* Assets.xcassets */,
			);
			path = Res;
			sourceTree = "<group>";
		};
		9BD935ED235D717000B34B13 /* TabBar */ = {
			isa = PBXGroup;
			children = (
				9B9FDDA52366D3C700B1AA73 /* ReadView */,
				9BD9360E235D71C400B34B13 /* Base */,
				9BD935EE235D717000B34B13 /* MyBookList */,
				9BD935F3235D717000B34B13 /* TopBookList */,
				9B01CD90236C1E0F003EBA12 /* InfoBook */,
			);
			path = TabBar;
			sourceTree = "<group>";
		};
		9BD935EE235D717000B34B13 /* MyBookList */ = {
			isa = PBXGroup;
			children = (
				9BD935EF235D717000B34B13 /* Controller */,
				9BD935F0235D717000B34B13 /* Model */,
				9BD935F1235D717000B34B13 /* View */,
				9BD935F2235D717000B34B13 /* Tool */,
			);
			path = MyBookList;
			sourceTree = "<group>";
		};
		9BD935EF235D717000B34B13 /* Controller */ = {
			isa = PBXGroup;
			children = (
				9B32B05D235D846200FE71A9 /* MyBookController.h */,
				9B32B05E235D846200FE71A9 /* MyBookController.m */,
			);
			path = Controller;
			sourceTree = "<group>";
		};
		9BD935F0235D717000B34B13 /* Model */ = {
			isa = PBXGroup;
			children = (
			);
			path = Model;
			sourceTree = "<group>";
		};
		9BD935F1235D717000B34B13 /* View */ = {
			isa = PBXGroup;
			children = (
			);
			path = View;
			sourceTree = "<group>";
		};
		9BD935F2235D717000B34B13 /* Tool */ = {
			isa = PBXGroup;
			children = (
			);
			path = Tool;
			sourceTree = "<group>";
		};
		9BD935F3235D717000B34B13 /* TopBookList */ = {
			isa = PBXGroup;
			children = (
				9BD935F4235D717000B34B13 /* Controller */,
				9BD935F5235D717000B34B13 /* Model */,
				9BD935F6235D717000B34B13 /* View */,
				9BD935F7235D717000B34B13 /* Tool */,
			);
			path = TopBookList;
			sourceTree = "<group>";
		};
		9BD935F4235D717000B34B13 /* Controller */ = {
			isa = PBXGroup;
			children = (
				9B32B060235D847500FE71A9 /* TopBookController.h */,
				9B32B061235D847500FE71A9 /* TopBookController.m */,
				9B32B082235D9E4B00FE71A9 /* TopBookDController.h */,
				9B32B083235D9E4B00FE71A9 /* TopBookDController.m */,
				9B32B09D235EB01D00FE71A9 /* TopBookOneBookDController.h */,
				9B32B09E235EB01D00FE71A9 /* TopBookOneBookDController.m */,
			);
			path = Controller;
			sourceTree = "<group>";
		};
		9BD935F5235D717000B34B13 /* Model */ = {
			isa = PBXGroup;
			children = (
				9B32B085235D9F9700FE71A9 /* TopBookModel.h */,
				9B32B086235D9F9700FE71A9 /* TopBookModel.m */,
				9B32B08F235DADD800FE71A9 /* TopBookListModel.h */,
				9B32B090235DADD800FE71A9 /* TopBookListModel.m */,
				9B32B0AD235EFB7400FE71A9 /* TopBookOneBookDModel.h */,
				9B32B0AE235EFB7400FE71A9 /* TopBookOneBookDModel.mm */,
				9B32B0BF236056A600FE71A9 /* TopBookHXGModel.h */,
				9B32B0C0236056A600FE71A9 /* TopBookHXGModel.m */,
			);
			path = Model;
			sourceTree = "<group>";
		};
		9BD935F6235D717000B34B13 /* View */ = {
			isa = PBXGroup;
			children = (
				9B32B092235DBE0400FE71A9 /* TopBookDCell.h */,
				9B32B093235DBE0400FE71A9 /* TopBookDCell.m */,
				9B32B0A0235ECAA100FE71A9 /* XLTopOneBookNav.h */,
				9B32B0A1235ECAA100FE71A9 /* XLTopOneBookNav.m */,
				9B32B0A3235EEB2A00FE71A9 /* XLTopBookOneHeaderView.h */,
				9B32B0A4235EEB2A00FE71A9 /* XLTopBookOneHeaderView.m */,
				9B32B0B02360211700FE71A9 /* TopBookOneBookMLCell.h */,
				9B32B0B12360211700FE71A9 /* TopBookOneBookMLCell.m */,
				9B32B0B323602E0600FE71A9 /* TopBookOneBookTJCell.h */,
				9B32B0B423602E0600FE71A9 /* TopBookOneBookTJCell.m */,
				9BE63DA223608B2200C87BCC /* TopBookOneBookTJView.h */,
				9BE63DA323608B2200C87BCC /* TopBookOneBookTJView.m */,
				9B32B0B923603C8500FE71A9 /* TopBookOneBookHXJListView.h */,
				9B32B0BA23603C8500FE71A9 /* TopBookOneBookHXJListView.m */,
				9B3AF1A62361614C00DF6C18 /* TopBookOneBookHXJCell.h */,
				9B3AF1A72361614C00DF6C18 /* TopBookOneBookHXJCell.m */,
				9B32B0BC2360503D00FE71A9 /* TopBookOneBookHXJListCell.h */,
				9B32B0BD2360503D00FE71A9 /* TopBookOneBookHXJListCell.m */,
			);
			path = View;
			sourceTree = "<group>";
		};
		9BD935F7235D717000B34B13 /* Tool */ = {
			isa = PBXGroup;
			children = (
			);
			path = Tool;
			sourceTree = "<group>";
		};
		9BD935FD235D717000B34B13 /* Other */ = {
			isa = PBXGroup;
			children = (
				9B3AF1AE23617FE300DF6C18 /* LaunchScreen.storyboard */,
				9BD93600235D717000B34B13 /* Main.storyboard */,
				9BD93602235D717000B34B13 /* main.m */,
				9B32B07C235D947D00FE71A9 /* FLList.plist */,
			);
			path = Other;
			sourceTree = "<group>";
		};
		9BD93603235D717000B34B13 /* AppDel */ = {
			isa = PBXGroup;
			children = (
				9BD93604235D717000B34B13 /* AppDelegate.h */,
				9BD93606235D717000B34B13 /* AppDelegate.m */,
				9BD93799235D804600B34B13 /* SceneDelegate.h */,
				9BD9379A235D804600B34B13 /* SceneDelegate.m */,
			);
			path = AppDel;
			sourceTree = "<group>";
		};
		9BD9360E235D71C400B34B13 /* Base */ = {
			isa = PBXGroup;
			children = (
				9B3AF25F2361A18800DF6C18 /* View */,
				9B32B088235DA07100FE71A9 /* Category */,
				9B32B06C235D89B400FE71A9 /* Tool */,
				9BD9360F235D71C400B34B13 /* Controller */,
				9B32B08C235DA10F00FE71A9 /* XLAPI.h */,
				9B32B08D235DA10F00FE71A9 /* XLAPI.m */,
			);
			path = Base;
			sourceTree = "<group>";
		};
		9BD9360F235D71C400B34B13 /* Controller */ = {
			isa = PBXGroup;
			children = (
				9B3AF25623619A5A00DF6C18 /* LNTableViewController.h */,
				9B3AF25723619A5A00DF6C18 /* LNTableViewController.m */,
				9BD93610235D720E00B34B13 /* XLBookBaseController.h */,
				9BD93611235D720E00B34B13 /* XLBookBaseController.m */,
				9B32B066235D852300FE71A9 /* XLBookNavController.h */,
				9B32B067235D852300FE71A9 /* XLBookNavController.m */,
				9B32B069235D860400FE71A9 /* XLTabBarBookController.h */,
				9B32B06A235D860400FE71A9 /* XLTabBarBookController.m */,
			);
			path = Controller;
			sourceTree = "<group>";
		};
		9BD93613235D72B200B34B13 /* lib */ = {
			isa = PBXGroup;
			children = (
				9B01CD7A236ABF15003EBA12 /* PYSearch */,
				9B9FDE332366D50B00B1AA73 /* DB */,
				9BD93614235D72B200B34B13 /* YBNetwork */,
			);
			path = lib;
			sourceTree = "<group>";
		};
		9BD93614235D72B200B34B13 /* YBNetwork */ = {
			isa = PBXGroup;
			children = (
				9BD93615235D72B200B34B13 /* YBBaseRequest.h */,
				9BD93622235D72B200B34B13 /* YBBaseRequest.m */,
				9BD93616235D72B200B34B13 /* YBNetworkDefine.h */,
				9BD93617235D72B200B34B13 /* Response */,
				9BD9361A235D72B200B34B13 /* Cache */,
				9BD9361E235D72B200B34B13 /* Manger */,
			);
			path = YBNetwork;
			sourceTree = "<group>";
		};
		9BD93617235D72B200B34B13 /* Response */ = {
			isa = PBXGroup;
			children = (
				9BD93619235D72B200B34B13 /* YBNetworkResponse.h */,
				9BD93618235D72B200B34B13 /* YBNetworkResponse.m */,
			);
			path = Response;
			sourceTree = "<group>";
		};
		9BD9361A235D72B200B34B13 /* Cache */ = {
			isa = PBXGroup;
			children = (
				9BD9361B235D72B200B34B13 /* YBNetworkCache+Internal.h */,
				9BD9361C235D72B200B34B13 /* YBNetworkCache.h */,
				9BD9361D235D72B200B34B13 /* YBNetworkCache.m */,
			);
			path = Cache;
			sourceTree = "<group>";
		};
		9BD9361E235D72B200B34B13 /* Manger */ = {
			isa = PBXGroup;
			children = (
				9BD93621235D72B200B34B13 /* YBNetworkManager.h */,
				9BD9361F235D72B200B34B13 /* YBNetworkManager.m */,
				9BD93620235D72B200B34B13 /* YBBaseRequest+Internal.h */,
			);
			path = Manger;
			sourceTree = "<group>";
		};
		D91A2D5691768854C8852333 /* Frameworks */ = {
			isa = PBXGroup;
			children = (
				DADFB010B27A93C545AA30BE /* Pods_XLBook.framework */,
			);
			name = Frameworks;
			sourceTree = "<group>";
		};
/* End PBXGroup section */

/* Begin PBXNativeTarget section */
		9BD935C9235D6E3000B34B13 /* XLBook */ = {
			isa = PBXNativeTarget;
			buildConfigurationList = 9BD935E6235D6E3200B34B13 /* Build configuration list for PBXNativeTarget "XLBook" */;
			buildPhases = (
				402EAEE2EAA66B0E348415EF /* [CP] Check Pods Manifest.lock */,
				9BD935C6235D6E3000B34B13 /* Sources */,
				9BD935C7235D6E3000B34B13 /* Frameworks */,
				9BD935C8235D6E3000B34B13 /* Resources */,
				DA53104F722EB0FEDB383BD5 /* [CP] Embed Pods Frameworks */,
			);
			buildRules = (
			);
			dependencies = (
			);
			name = XLBook;
			productName = XLBook;
			productReference = 9BD935CA235D6E3000B34B13 /* XLBook.app */;
			productType = "com.apple.product-type.application";
		};
/* End PBXNativeTarget section */

/* Begin PBXProject section */
		9BD935C2235D6E3000B34B13 /* Project object */ = {
			isa = PBXProject;
			attributes = {
				LastUpgradeCheck = 1100;
				ORGANIZATIONNAME = Lee;
				TargetAttributes = {
					9BD935C9235D6E3000B34B13 = {
						CreatedOnToolsVersion = 11.0;
					};
				};
			};
			buildConfigurationList = 9BD935C5235D6E3000B34B13 /* Build configuration list for PBXProject "XLBook" */;
			compatibilityVersion = "Xcode 9.3";
			developmentRegion = en;
			hasScannedForEncodings = 0;
			knownRegions = (
				en,
				Base,
			);
			mainGroup = 9BD935C1235D6E3000B34B13;
			productRefGroup = 9BD935CB235D6E3000B34B13 /* Products */;
			projectDirPath = "";
			projectRoot = "";
			targets = (
				9BD935C9235D6E3000B34B13 /* XLBook */,
			);
		};
/* End PBXProject section */

/* Begin PBXResourcesBuildPhase section */
		9BD935C8235D6E3000B34B13 /* Resources */ = {
			isa = PBXResourcesBuildPhase;
			buildActionMask = 2147483647;
			files = (
				9BD9360A235D717000B34B13 /* Main.storyboard in Resources */,
				9BD93608235D717000B34B13 /* Assets.xcassets in Resources */,
				9B3AF1B023617FE400DF6C18 /* LaunchScreen.storyboard in Resources */,
				9B32B0A9235EEFD000FE71A9 /* 111.jpg in Resources */,
				9B01CD8D236ABF15003EBA12 /* PYSearch.bundle in Resources */,
				9B32B07D235D947D00FE71A9 /* FLList.plist in Resources */,
			);
			runOnlyForDeploymentPostprocessing = 0;
		};
/* End PBXResourcesBuildPhase section */

/* Begin PBXShellScriptBuildPhase section */
		402EAEE2EAA66B0E348415EF /* [CP] Check Pods Manifest.lock */ = {
			isa = PBXShellScriptBuildPhase;
			buildActionMask = 2147483647;
			files = (
			);
			inputFileListPaths = (
			);
			inputPaths = (
				"${PODS_PODFILE_DIR_PATH}/Podfile.lock",
				"${PODS_ROOT}/Manifest.lock",
			);
			name = "[CP] Check Pods Manifest.lock";
			outputFileListPaths = (
			);
			outputPaths = (
				"$(DERIVED_FILE_DIR)/Pods-XLBook-checkManifestLockResult.txt",
			);
			runOnlyForDeploymentPostprocessing = 0;
			shellPath = /bin/sh;
			shellScript = "diff \"${PODS_PODFILE_DIR_PATH}/Podfile.lock\" \"${PODS_ROOT}/Manifest.lock\" > /dev/null\nif [ $? != 0 ] ; then\n    # print error to STDERR\n    echo \"error: The sandbox is not in sync with the Podfile.lock. Run 'pod install' or update your CocoaPods installation.\" >&2\n    exit 1\nfi\n# This output is used by Xcode 'outputs' to avoid re-running this script phase.\necho \"SUCCESS\" > \"${SCRIPT_OUTPUT_FILE_0}\"\n";
			showEnvVarsInLog = 0;
		};
		DA53104F722EB0FEDB383BD5 /* [CP] Embed Pods Frameworks */ = {
			isa = PBXShellScriptBuildPhase;
			buildActionMask = 2147483647;
			files = (
			);
			inputFileListPaths = (
				"${PODS_ROOT}/Target Support Files/Pods-XLBook/Pods-XLBook-frameworks-${CONFIGURATION}-input-files.xcfilelist",
			);
			name = "[CP] Embed Pods Frameworks";
			outputFileListPaths = (
				"${PODS_ROOT}/Target Support Files/Pods-XLBook/Pods-XLBook-frameworks-${CONFIGURATION}-output-files.xcfilelist",
			);
			runOnlyForDeploymentPostprocessing = 0;
			shellPath = /bin/sh;
			shellScript = "\"${PODS_ROOT}/Target Support Files/Pods-XLBook/Pods-XLBook-frameworks.sh\"\n";
			showEnvVarsInLog = 0;
		};
/* End PBXShellScriptBuildPhase section */

/* Begin PBXSourcesBuildPhase section */
		9BD935C6235D6E3000B34B13 /* Sources */ = {
			isa = PBXSourcesBuildPhase;
			buildActionMask = 2147483647;
			files = (
				9B9FDE092366D3C700B1AA73 /* XXDirectoryCell.m in Sources */,
				9B9FDE0B2366D3C700B1AA73 /* XXBookReadingVC.m in Sources */,
				9BD93712235D72B200B34B13 /* YBNetworkResponse.m in Sources */,
				9B32B0C1236056A600FE71A9 /* TopBookHXGModel.m in Sources */,
				9B9FDE312366D40E00B1AA73 /* BaseTableViewController.m in Sources */,
				9BD93612235D720E00B34B13 /* XLBookBaseController.m in Sources */,
				9B9FDE2F2366D40E00B1AA73 /* BaseTableViewCell.m in Sources */,
				9BD9379B235D804600B34B13 /* SceneDelegate.m in Sources */,
				9B9FDE062366D3C700B1AA73 /* YYLabel+Add.m in Sources */,
				9B9FDE1B2366D3C700B1AA73 /* XXBookBodyModel.mm in Sources */,
				9B32B075235D89D900FE71A9 /* LNConst.m in Sources */,
				9B9FDE232366D3C700B1AA73 /* XXSafeAreaInsets.m in Sources */,
				9B9FDE1C2366D3C700B1AA73 /* XLBookReadZJLBModel.mm in Sources */,
				9B32B0A2235ECAA100FE71A9 /* XLTopOneBookNav.m in Sources */,
				9BD93715235D72B200B34B13 /* YBBaseRequest.m in Sources */,
				9B32B076235D89D900FE71A9 /* LNRequest.m in Sources */,
				9B01CD8A236ABF15003EBA12 /* PYSearchViewController.m in Sources */,
				9B01CD8B236ABF15003EBA12 /* PYSearchSuggestionViewController.m in Sources */,
				9BE63DA423608B2200C87BCC /* TopBookOneBookTJView.m in Sources */,
				9B32B05F235D846200FE71A9 /* MyBookController.m in Sources */,
				9BD9360D235D717000B34B13 /* AppDelegate.m in Sources */,
				9B32B0BE2360503D00FE71A9 /* TopBookOneBookHXJListCell.m in Sources */,
				9B9FDE032366D3C700B1AA73 /* UILabel+Add.m in Sources */,
				9B9FDE242366D3C700B1AA73 /* HUD.m in Sources */,
				9B9FDE082366D3C700B1AA73 /* XXBookSettingView.m in Sources */,
				9B01CD8E236ABF15003EBA12 /* NSBundle+PYSearchExtension.m in Sources */,
				9BD9360B235D717000B34B13 /* main.m in Sources */,
				9B32B08B235DA07100FE71A9 /* MBProgressHUD+LNHUD.m in Sources */,
				9B32B0BB23603C8500FE71A9 /* TopBookOneBookHXJListView.m in Sources */,
				9B32B068235D852300FE71A9 /* XLBookNavController.m in Sources */,
				9B32B0A5235EEB2A00FE71A9 /* XLTopBookOneHeaderView.m in Sources */,
				9B32B084235D9E4B00FE71A9 /* TopBookDController.m in Sources */,
				9B01CD97236C1E81003EBA12 /* XLBookInfoController.m in Sources */,
				9B32B06B235D860400FE71A9 /* XLTabBarBookController.m in Sources */,
				9B32B094235DBE0400FE71A9 /* TopBookDCell.m in Sources */,
				9B9FDE052366D3C700B1AA73 /* UIViewController+Add.m in Sources */,
				9B9FDE302366D40E00B1AA73 /* BaseView.m in Sources */,
				9B9FDE1A2366D3C700B1AA73 /* XXBookMenuView.m in Sources */,
				9BD93714235D72B200B34B13 /* YBNetworkManager.m in Sources */,
				9B32B09F235EB01D00FE71A9 /* TopBookOneBookDController.m in Sources */,
				9B32B074235D89D900FE71A9 /* LNSkinHelper.m in Sources */,
				9B32B081235D9A3F00FE71A9 /* LeeRunTimePush.m in Sources */,
				9B01CD8C236ABF15003EBA12 /* PYSearchConst.m in Sources */,
				9B32B0AF235EFB7400FE71A9 /* TopBookOneBookDModel.mm in Sources */,
				9B3AF1A82361614C00DF6C18 /* TopBookOneBookHXJCell.m in Sources */,
				9B01CD8F236ABF15003EBA12 /* UIView+PYSearchExtension.m in Sources */,
				9B9FDE042366D3C700B1AA73 /* UIButton+Add.m in Sources */,
				9B32B0B22360211700FE71A9 /* TopBookOneBookMLCell.m in Sources */,
				9B32B08E235DA10F00FE71A9 /* XLAPI.m in Sources */,
				9B9FDE182366D3C700B1AA73 /* XXBookContentVC.m in Sources */,
				9B32B087235D9F9700FE71A9 /* TopBookModel.m in Sources */,
				9B32B0B523602E0600FE71A9 /* TopBookOneBookTJCell.m in Sources */,
				9B9FDE012366D3C700B1AA73 /* UIButton+ImagePosition.m in Sources */,
				9B9FDE322366D40E00B1AA73 /* BaseTableView.m in Sources */,
				9B32B09C235EADBA00FE71A9 /* LeeLabel.m in Sources */,
				9B32B062235D847500FE71A9 /* TopBookController.m in Sources */,
				9B9FDE072366D3C700B1AA73 /* UIButton+EnlargeTouchArea.m in Sources */,
				9B3AF25823619A5A00DF6C18 /* LNTableViewController.m in Sources */,
				9B9FDE0A2366D3C700B1AA73 /* XXDirectoryVC.m in Sources */,
				9B9FDE212366D3C700B1AA73 /* DateTools.m in Sources */,
				9B9FDE372366D50B00B1AA73 /* XXDatabase.mm in Sources */,
				9BD935DB235D6E3000B34B13 /* XLBook.xcdatamodeld in Sources */,
				9B9FDE022366D3C700B1AA73 /* UIView+NewLine.m in Sources */,
				9B01CD89236ABF15003EBA12 /* UIColor+PYSearchExtension.m in Sources */,
				9B32B091235DADD800FE71A9 /* TopBookListModel.m in Sources */,
				9BD93713235D72B200B34B13 /* YBNetworkCache.m in Sources */,
				9B9FDE3D2366DAB600B1AA73 /* NSString+Add.m in Sources */,
				9B9FDE192366D3C700B1AA73 /* BatteryView.m in Sources */,
				9B9FDE222366D3C700B1AA73 /* XXHighLightButton.m in Sources */,
			);
			runOnlyForDeploymentPostprocessing = 0;
		};
/* End PBXSourcesBuildPhase section */

/* Begin PBXVariantGroup section */
		9B3AF1AE23617FE300DF6C18 /* LaunchScreen.storyboard */ = {
			isa = PBXVariantGroup;
			children = (
				9B3AF1AF23617FE300DF6C18 /* Base */,
			);
			name = LaunchScreen.storyboard;
			sourceTree = "<group>";
		};
		9BD93600235D717000B34B13 /* Main.storyboard */ = {
			isa = PBXVariantGroup;
			children = (
				9BD93601235D717000B34B13 /* Base */,
			);
			name = Main.storyboard;
			sourceTree = "<group>";
		};
/* End PBXVariantGroup section */

/* Begin XCBuildConfiguration section */
		9BD935E4235D6E3200B34B13 /* Debug */ = {
			isa = XCBuildConfiguration;
			buildSettings = {
				ALWAYS_SEARCH_USER_PATHS = NO;
				CLANG_ANALYZER_NONNULL = YES;
				CLANG_ANALYZER_NUMBER_OBJECT_CONVERSION = YES_AGGRESSIVE;
				CLANG_CXX_LANGUAGE_STANDARD = "gnu++14";
				CLANG_CXX_LIBRARY = "libc++";
				CLANG_ENABLE_MODULES = YES;
				CLANG_ENABLE_OBJC_ARC = YES;
				CLANG_ENABLE_OBJC_WEAK = YES;
				CLANG_WARN_BLOCK_CAPTURE_AUTORELEASING = YES;
				CLANG_WARN_BOOL_CONVERSION = YES;
				CLANG_WARN_COMMA = YES;
				CLANG_WARN_CONSTANT_CONVERSION = YES;
				CLANG_WARN_DEPRECATED_OBJC_IMPLEMENTATIONS = YES;
				CLANG_WARN_DIRECT_OBJC_ISA_USAGE = YES_ERROR;
				CLANG_WARN_DOCUMENTATION_COMMENTS = YES;
				CLANG_WARN_EMPTY_BODY = YES;
				CLANG_WARN_ENUM_CONVERSION = YES;
				CLANG_WARN_INFINITE_RECURSION = YES;
				CLANG_WARN_INT_CONVERSION = YES;
				CLANG_WARN_NON_LITERAL_NULL_CONVERSION = YES;
				CLANG_WARN_OBJC_IMPLICIT_RETAIN_SELF = YES;
				CLANG_WARN_OBJC_LITERAL_CONVERSION = YES;
				CLANG_WARN_OBJC_ROOT_CLASS = YES_ERROR;
				CLANG_WARN_RANGE_LOOP_ANALYSIS = YES;
				CLANG_WARN_STRICT_PROTOTYPES = YES;
				CLANG_WARN_SUSPICIOUS_MOVE = YES;
				CLANG_WARN_UNGUARDED_AVAILABILITY = YES_AGGRESSIVE;
				CLANG_WARN_UNREACHABLE_CODE = YES;
				CLANG_WARN__DUPLICATE_METHOD_MATCH = YES;
				COPY_PHASE_STRIP = NO;
				DEBUG_INFORMATION_FORMAT = dwarf;
				ENABLE_STRICT_OBJC_MSGSEND = YES;
				ENABLE_TESTABILITY = YES;
				GCC_C_LANGUAGE_STANDARD = gnu11;
				GCC_DYNAMIC_NO_PIC = NO;
				GCC_NO_COMMON_BLOCKS = YES;
				GCC_OPTIMIZATION_LEVEL = 0;
				GCC_PREPROCESSOR_DEFINITIONS = (
					"DEBUG=1",
					"$(inherited)",
				);
				GCC_WARN_64_TO_32_BIT_CONVERSION = YES;
				GCC_WARN_ABOUT_RETURN_TYPE = YES_ERROR;
				GCC_WARN_UNDECLARED_SELECTOR = YES;
				GCC_WARN_UNINITIALIZED_AUTOS = YES_AGGRESSIVE;
				GCC_WARN_UNUSED_FUNCTION = YES;
				GCC_WARN_UNUSED_VARIABLE = YES;
				IPHONEOS_DEPLOYMENT_TARGET = 13.0;
				MTL_ENABLE_DEBUG_INFO = INCLUDE_SOURCE;
				MTL_FAST_MATH = YES;
				ONLY_ACTIVE_ARCH = YES;
				SDKROOT = iphoneos;
			};
			name = Debug;
		};
		9BD935E5235D6E3200B34B13 /* Release */ = {
			isa = XCBuildConfiguration;
			buildSettings = {
				ALWAYS_SEARCH_USER_PATHS = NO;
				CLANG_ANALYZER_NONNULL = YES;
				CLANG_ANALYZER_NUMBER_OBJECT_CONVERSION = YES_AGGRESSIVE;
				CLANG_CXX_LANGUAGE_STANDARD = "gnu++14";
				CLANG_CXX_LIBRARY = "libc++";
				CLANG_ENABLE_MODULES = YES;
				CLANG_ENABLE_OBJC_ARC = YES;
				CLANG_ENABLE_OBJC_WEAK = YES;
				CLANG_WARN_BLOCK_CAPTURE_AUTORELEASING = YES;
				CLANG_WARN_BOOL_CONVERSION = YES;
				CLANG_WARN_COMMA = YES;
				CLANG_WARN_CONSTANT_CONVERSION = YES;
				CLANG_WARN_DEPRECATED_OBJC_IMPLEMENTATIONS = YES;
				CLANG_WARN_DIRECT_OBJC_ISA_USAGE = YES_ERROR;
				CLANG_WARN_DOCUMENTATION_COMMENTS = YES;
				CLANG_WARN_EMPTY_BODY = YES;
				CLANG_WARN_ENUM_CONVERSION = YES;
				CLANG_WARN_INFINITE_RECURSION = YES;
				CLANG_WARN_INT_CONVERSION = YES;
				CLANG_WARN_NON_LITERAL_NULL_CONVERSION = YES;
				CLANG_WARN_OBJC_IMPLICIT_RETAIN_SELF = YES;
				CLANG_WARN_OBJC_LITERAL_CONVERSION = YES;
				CLANG_WARN_OBJC_ROOT_CLASS = YES_ERROR;
				CLANG_WARN_RANGE_LOOP_ANALYSIS = YES;
				CLANG_WARN_STRICT_PROTOTYPES = YES;
				CLANG_WARN_SUSPICIOUS_MOVE = YES;
				CLANG_WARN_UNGUARDED_AVAILABILITY = YES_AGGRESSIVE;
				CLANG_WARN_UNREACHABLE_CODE = YES;
				CLANG_WARN__DUPLICATE_METHOD_MATCH = YES;
				COPY_PHASE_STRIP = NO;
				DEBUG_INFORMATION_FORMAT = "dwarf-with-dsym";
				ENABLE_NS_ASSERTIONS = NO;
				ENABLE_STRICT_OBJC_MSGSEND = YES;
				GCC_C_LANGUAGE_STANDARD = gnu11;
				GCC_NO_COMMON_BLOCKS = YES;
				GCC_WARN_64_TO_32_BIT_CONVERSION = YES;
				GCC_WARN_ABOUT_RETURN_TYPE = YES_ERROR;
				GCC_WARN_UNDECLARED_SELECTOR = YES;
				GCC_WARN_UNINITIALIZED_AUTOS = YES_AGGRESSIVE;
				GCC_WARN_UNUSED_FUNCTION = YES;
				GCC_WARN_UNUSED_VARIABLE = YES;
				IPHONEOS_DEPLOYMENT_TARGET = 13.0;
				MTL_ENABLE_DEBUG_INFO = NO;
				MTL_FAST_MATH = YES;
				SDKROOT = iphoneos;
				VALIDATE_PRODUCT = YES;
			};
			name = Release;
		};
		9BD935E7235D6E3200B34B13 /* Debug */ = {
			isa = XCBuildConfiguration;
			baseConfigurationReference = F20B0EF3D2DC87138B2EF52C /* Pods-XLBook.debug.xcconfig */;
			buildSettings = {
				ASSETCATALOG_COMPILER_APPICON_NAME = AppIcon;
				ASSETCATALOG_COMPILER_LAUNCHIMAGE_NAME = LaunchImage;
				CODE_SIGN_STYLE = Automatic;
				DEVELOPMENT_TEAM = KP7MH829B8;
				GCC_PRECOMPILE_PREFIX_HEADER = YES;
				GCC_PREFIX_HEADER = "$(SRCROOT)/XLBook/XLBook.pch";
				INFOPLIST_FILE = XLBook/Info.plist;
				LD_RUNPATH_SEARCH_PATHS = (
					"$(inherited)",
					"@executable_path/Frameworks",
				);
				PRODUCT_BUNDLE_IDENTIFIER = Lee.XLBook;
				PRODUCT_NAME = "$(TARGET_NAME)";
				TARGETED_DEVICE_FAMILY = "1,2";
			};
			name = Debug;
		};
		9BD935E8235D6E3200B34B13 /* Release */ = {
			isa = XCBuildConfiguration;
			baseConfigurationReference = 30DFE58C575FFA38F726E2DC /* Pods-XLBook.release.xcconfig */;
			buildSettings = {
				ASSETCATALOG_COMPILER_APPICON_NAME = AppIcon;
				ASSETCATALOG_COMPILER_LAUNCHIMAGE_NAME = LaunchImage;
				CODE_SIGN_STYLE = Automatic;
				DEVELOPMENT_TEAM = KP7MH829B8;
				GCC_PRECOMPILE_PREFIX_HEADER = YES;
				GCC_PREFIX_HEADER = "$(SRCROOT)/XLBook/XLBook.pch";
				INFOPLIST_FILE = XLBook/Info.plist;
				LD_RUNPATH_SEARCH_PATHS = (
					"$(inherited)",
					"@executable_path/Frameworks",
				);
				PRODUCT_BUNDLE_IDENTIFIER = Lee.XLBook;
				PRODUCT_NAME = "$(TARGET_NAME)";
				TARGETED_DEVICE_FAMILY = "1,2";
			};
			name = Release;
		};
/* End XCBuildConfiguration section */

/* Begin XCConfigurationList section */
		9BD935C5235D6E3000B34B13 /* Build configuration list for PBXProject "XLBook" */ = {
			isa = XCConfigurationList;
			buildConfigurations = (
				9BD935E4235D6E3200B34B13 /* Debug */,
				9BD935E5235D6E3200B34B13 /* Release */,
			);
			defaultConfigurationIsVisible = 0;
			defaultConfigurationName = Release;
		};
		9BD935E6235D6E3200B34B13 /* Build configuration list for PBXNativeTarget "XLBook" */ = {
			isa = XCConfigurationList;
			buildConfigurations = (
				9BD935E7235D6E3200B34B13 /* Debug */,
				9BD935E8235D6E3200B34B13 /* Release */,
			);
			defaultConfigurationIsVisible = 0;
			defaultConfigurationName = Release;
		};
/* End XCConfigurationList section */

/* Begin XCVersionGroup section */
		9BD935D9235D6E3000B34B13 /* XLBook.xcdatamodeld */ = {
			isa = XCVersionGroup;
			children = (
				9BD935DA235D6E3000B34B13 /* XLBook.xcdatamodel */,
			);
			currentVersion = 9BD935DA235D6E3000B34B13 /* XLBook.xcdatamodel */;
			path = XLBook.xcdatamodeld;
			sourceTree = "<group>";
			versionGroupType = wrapper.xcdatamodel;
		};
/* End XCVersionGroup section */
	};
	rootObject = 9BD935C2235D6E3000B34B13 /* Project object */;
}
